// !$*UTF8*$!
{
	archiveVersion = 1;
	classes = {
	};
	objectVersion = 70;
	objects = {

/* Begin PBXBuildFile section */
		010405BA2F575A680057862B /* TravelTimeService.swift in Sources */ = {isa = PBXBuildFile; fileRef = 010405B92F575A680057862B /* TravelTimeService.swift */; };
		010405BC2F575A6F0057862B /* OnMyWayNotificationService.swift in Sources */ = {isa = PBXBuildFile; fileRef = 010405BB2F575A6F0057862B /* OnMyWayNotificationService.swift */; };
		010A82C92F73377900728D59 /* GroupInfoView.swift in Sources */ = {isa = PBXBuildFile; fileRef = 010A82C82F73377900728D59 /* GroupInfoView.swift */; };
		010A82CB2F73378000728D59 /* NewGroupView.swift in Sources */ = {isa = PBXBuildFile; fileRef = 010A82CA2F73378000728D59 /* NewGroupView.swift */; };
		010B28092EB6C2E9004E828B /* AddStoreView.swift in Sources */ = {isa = PBXBuildFile; fileRef = 010B28082EB6C2E9004E828B /* AddStoreView.swift */; };
		011077602F609A1500E76A67 /* StoreFloatView.swift in Sources */ = {isa = PBXBuildFile; fileRef = 0110775F2F609A1500E76A67 /* StoreFloatView.swift */; };
		011574882F69DC3900963138 /* FCMTokenManager.swift in Sources */ = {isa = PBXBuildFile; fileRef = 011574872F69DC3900963138 /* FCMTokenManager.swift */; };
		0115748A2F69DC4D00963138 /* AppDelegate.swift in Sources */ = {isa = PBXBuildFile; fileRef = 011574892F69DC4D00963138 /* AppDelegate.swift */; };
		0115748D2F69DCAB00963138 /* FirebaseMessaging in Frameworks */ = {isa = PBXBuildFile; productRef = 0115748C2F69DCAB00963138 /* FirebaseMessaging */; };
		011574932F69FD9700963138 /* GoogleService-Info.plist in Resources */ = {isa = PBXBuildFile; fileRef = 011574922F69FD9700963138 /* GoogleService-Info.plist */; };
		0119CD0D2F4CF95A00DEDEFD /* AutoDeleteSwipeRail.swift in Sources */ = {isa = PBXBuildFile; fileRef = 0119CD0C2F4CF95A00DEDEFD /* AutoDeleteSwipeRail.swift */; };
		0119CD0F2F4CF96000DEDEFD /* CachedLogoImage.swift in Sources */ = {isa = PBXBuildFile; fileRef = 0119CD0E2F4CF96000DEDEFD /* CachedLogoImage.swift */; };
		011CF5FE2ED638D6009A31A6 /* ForgotPasswordView.swift in Sources */ = {isa = PBXBuildFile; fileRef = 011CF5FD2ED638D6009A31A6 /* ForgotPasswordView.swift */; };
		011CF6002ED638DD009A31A6 /* ShareStoreView.swift in Sources */ = {isa = PBXBuildFile; fileRef = 011CF5FF2ED638DD009A31A6 /* ShareStoreView.swift */; };
		011CF6022ED638E4009A31A6 /* SharedStoreGroup.swift in Sources */ = {isa = PBXBuildFile; fileRef = 011CF6012ED638E4009A31A6 /* SharedStoreGroup.swift */; };
		011CF6072ED638F9009A31A6 /* ForgotPasswordViewModel.swift in Sources */ = {isa = PBXBuildFile; fileRef = 011CF6062ED638F9009A31A6 /* ForgotPasswordViewModel.swift */; };
		011CF6092ED63945009A31A6 /* Notifi.icon in Resources */ = {isa = PBXBuildFile; fileRef = 011CF6082ED63945009A31A6 /* Notifi.icon */; };
		011CF60D2ED63A69009A31A6 /* NotifiApp.icon in Resources */ = {isa = PBXBuildFile; fileRef = 011CF60C2ED63A69009A31A6 /* NotifiApp.icon */; };
		0125A7A32F68345D0089F321 /* GoogleMobileAds in Frameworks */ = {isa = PBXBuildFile; productRef = 0125A7A22F68345D0089F321 /* GoogleMobileAds */; };
		012FB6952F6AED5C0020BB90 /* TutorialMockData.swift in Sources */ = {isa = PBXBuildFile; fileRef = 012FB6942F6AED5C0020BB90 /* TutorialMockData.swift */; };
		0133243C2FDCAE0D0074A818 /* NotifiNotificationService.appex in Embed App Extensions */ = {isa = PBXBuildFile; fileRef = 013324352FDCAE0D0074A818 /* NotifiNotificationService.appex */; settings = {ATTRIBUTES = (RemoveHeadersOnCopy, ); }; };
		0138242D2EDCD05F0069F38C /* NotificationLog.swift in Sources */ = {isa = PBXBuildFile; fileRef = 0138242C2EDCD05F0069F38C /* NotificationLog.swift */; };
		0138242F2EDCD08C0069F38C /* NotificationLogView.swift in Sources */ = {isa = PBXBuildFile; fileRef = 0138242E2EDCD08C0069F38C /* NotificationLogView.swift */; };
		0138D8752F68BB95007CC1E4 /* SubscriptionManager.swift in Sources */ = {isa = PBXBuildFile; fileRef = 0138D8742F68BB95007CC1E4 /* SubscriptionManager.swift */; };
		0141FCBE2F71880F009C626B /* PrivacyPolicyView.swift in Sources */ = {isa = PBXBuildFile; fileRef = 0141FCBD2F71880F009C626B /* PrivacyPolicyView.swift */; };
		0141FCC02F718817009C626B /* SubscriptionManagementView.swift in Sources */ = {isa = PBXBuildFile; fileRef = 0141FCBF2F718817009C626B /* SubscriptionManagementView.swift */; };
		01500AB42F87F22F0038F0D3 /* SubscriptionDebugView.swift in Sources */ = {isa = PBXBuildFile; fileRef = 01500AB32F87F22F0038F0D3 /* SubscriptionDebugView.swift */; };
		016FC87E2F97EACF005AD716 /* Allim.icon in Resources */ = {isa = PBXBuildFile; fileRef = 016FC87D2F97EACF005AD716 /* Allim.icon */; };
		017BD2532F76D39800E5842A /* RecipeView.swift in Sources */ = {isa = PBXBuildFile; fileRef = 017BD2522F76D39800E5842A /* RecipeView.swift */; };
		017BD2552F76D3B600E5842A /* Recipe.swift in Sources */ = {isa = PBXBuildFile; fileRef = 017BD2542F76D3B600E5842A /* Recipe.swift */; };
		017BD2572F76D3BD00E5842A /* RecipeViewModel.swift in Sources */ = {isa = PBXBuildFile; fileRef = 017BD2562F76D3BD00E5842A /* RecipeViewModel.swift */; };
		0183E1F92F743AFE00AB9429 /* AccountSecurityView.swift in Sources */ = {isa = PBXBuildFile; fileRef = 0183E1F82F743AFE00AB9429 /* AccountSecurityView.swift */; };
		0183E1FB2F743B0500AB9429 /* AboutView.swift in Sources */ = {isa = PBXBuildFile; fileRef = 0183E1FA2F743B0500AB9429 /* AboutView.swift */; };
		0183E1FD2F743B0C00AB9429 /* ReportFeedbackView.swift in Sources */ = {isa = PBXBuildFile; fileRef = 0183E1FC2F743B0C00AB9429 /* ReportFeedbackView.swift */; };
		0188F8592F68568C007953B2 /* BannerAdView.swift in Sources */ = {isa = PBXBuildFile; fileRef = 0188F8582F68568C007953B2 /* BannerAdView.swift */; };
		01897B5B2EBA4AB00038A4D1 /* StoresViewModel.swift in Sources */ = {isa = PBXBuildFile; fileRef = 01897B5A2EBA4AB00038A4D1 /* StoresViewModel.swift */; };
		01A339862FE191EB00207C36 /* Intents.framework in Frameworks */ = {isa = PBXBuildFile; fileRef = 01A339852FE191EB00207C36 /* Intents.framework */; };
		01A3398D2FE191EB00207C36 /* NearBuyIntents.appex in Embed App Extensions */ = {isa = PBXBuildFile; fileRef = 01A339842FE191EB00207C36 /* NearBuyIntents.appex */; settings = {ATTRIBUTES = (RemoveHeadersOnCopy, ); }; };
		01A339982FE19CA300207C36 /* FirebaseCore in Frameworks */ = {isa = PBXBuildFile; productRef = 01A339972FE19CA300207C36 /* FirebaseCore */; };
		01A3399A2FE19CAA00207C36 /* FirebaseFirestore in Frameworks */ = {isa = PBXBuildFile; productRef = 01A339992FE19CAA00207C36 /* FirebaseFirestore */; };
		01A3399C2FE19CBA00207C36 /* FirebaseAuth in Frameworks */ = {isa = PBXBuildFile; productRef = 01A3399B2FE19CBA00207C36 /* FirebaseAuth */; };
		01A339A52FE1A86E00207C36 /* AppIntentVocabulary.plist in Resources */ = {isa = PBXBuildFile; fileRef = 01A339A42FE1A86E00207C36 /* AppIntentVocabulary.plist */; };
		01AA00022F900000AB942902 /* ProfileSetupView.swift in Sources */ = {isa = PBXBuildFile; fileRef = 01AA00012F900000AB942901 /* ProfileSetupView.swift */; };
		01AA00042F900000AB942904 /* ProfileSetupViewModel.swift in Sources */ = {isa = PBXBuildFile; fileRef = 01AA00032F900000AB942903 /* ProfileSetupViewModel.swift */; };
		01AA00122F900000AB942912 /* PermissionOnboardingManager.swift in Sources */ = {isa = PBXBuildFile; fileRef = 01AA00112F900000AB942911 /* PermissionOnboardingManager.swift */; };
		01AA00142F900000AB942914 /* PermissionOnboardingView.swift in Sources */ = {isa = PBXBuildFile; fileRef = 01AA00132F900000AB942913 /* PermissionOnboardingView.swift */; };
		01B408232F3BECB100EA1F25 /* MessagesViewModel.swift in Sources */ = {isa = PBXBuildFile; fileRef = 01B408222F3BECB100EA1F25 /* MessagesViewModel.swift */; };
		01B408252F3BECB800EA1F25 /* FriendsViewModel.swift in Sources */ = {isa = PBXBuildFile; fileRef = 01B408242F3BECB800EA1F25 /* FriendsViewModel.swift */; };
		01B408272F3BECC300EA1F25 /* Friend.swift in Sources */ = {isa = PBXBuildFile; fileRef = 01B408262F3BECC300EA1F25 /* Friend.swift */; };
		01B408292F3BECC900EA1F25 /* FriendRequest.swift in Sources */ = {isa = PBXBuildFile; fileRef = 01B408282F3BECC900EA1F25 /* FriendRequest.swift */; };
		01B4082B2F3BECCF00EA1F25 /* Message.swift in Sources */ = {isa = PBXBuildFile; fileRef = 01B4082A2F3BECCF00EA1F25 /* Message.swift */; };
		01B4082D2F3BECD600EA1F25 /* StoreCluster.swift in Sources */ = {isa = PBXBuildFile; fileRef = 01B4082C2F3BECD600EA1F25 /* StoreCluster.swift */; };
		01B4082F2F3BECE600EA1F25 /* ConversationView.swift in Sources */ = {isa = PBXBuildFile; fileRef = 01B4082E2F3BECE600EA1F25 /* ConversationView.swift */; };
		01B408312F3BECEC00EA1F25 /* FriendsView.swift in Sources */ = {isa = PBXBuildFile; fileRef = 01B408302F3BECEC00EA1F25 /* FriendsView.swift */; };
		01B408332F3BECF200EA1F25 /* MessagesView.swift in Sources */ = {isa = PBXBuildFile; fileRef = 01B408322F3BECF200EA1F25 /* MessagesView.swift */; };
		01B408352F3BECF900EA1F25 /* ShareReminderView.swift in Sources */ = {isa = PBXBuildFile; fileRef = 01B408342F3BECF900EA1F25 /* ShareReminderView.swift */; };
		01B78C382EBD414A00201B88 /* UserStoreItem.swift in Sources */ = {isa = PBXBuildFile; fileRef = 01B78C372EBD414A00201B88 /* UserStoreItem.swift */; };
		01B78C3A2EBD415F00201B88 /* ReminderViewModel.swift in Sources */ = {isa = PBXBuildFile; fileRef = 01B78C392EBD415F00201B88 /* ReminderViewModel.swift */; };
		01BC6BF9303265DE0018331E /* ReminderToggleService.swift in Sources */ = {isa = PBXBuildFile; fileRef = 01BC6BF6303265DE0018331E /* ReminderToggleService.swift */; };
		01BC6BFA303265DE0018331E /* WatchSyncModels.swift in Sources */ = {isa = PBXBuildFile; fileRef = 01BC6BF8303265DE0018331E /* WatchSyncModels.swift */; };
		01BC6BFB303265DE0018331E /* WatchConnectivityManager.swift in Sources */ = {isa = PBXBuildFile; fileRef = 01BC6BF7303265DE0018331E /* WatchConnectivityManager.swift */; };
		01BF38AB301C3DE700F49DBC /* BackgroundPickerView.swift in Sources */ = {isa = PBXBuildFile; fileRef = 01BF38AA301C3DE700F49DBC /* BackgroundPickerView.swift */; };
		01D2D8732EC2901F009C371F /* ImagePicker.swift in Sources */ = {isa = PBXBuildFile; fileRef = 01D2D8722EC2901F009C371F /* ImagePicker.swift */; };
		01D86E952F6AD65B0007802A /* TutorialManager.swift in Sources */ = {isa = PBXBuildFile; fileRef = 01D86E942F6AD65B0007802A /* TutorialManager.swift */; };
		01D86E972F6AD6630007802A /* TutorialOverlayView.swift in Sources */ = {isa = PBXBuildFile; fileRef = 01D86E962F6AD6630007802A /* TutorialOverlayView.swift */; };
		01D86E9B2F6AD6630007802A /* TutorialReminderScene.swift in Sources */ = {isa = PBXBuildFile; fileRef = 01D86E9A2F6AD6630007802A /* TutorialReminderScene.swift */; };
		01EF1E4D2F50A1B500D79D3C /* FavoriteTag.swift in Sources */ = {isa = PBXBuildFile; fileRef = 01EF1E4C2F50A1B500D79D3C /* FavoriteTag.swift */; };
		01FEED022F71880F009C626B /* InviteFriends.swift in Sources */ = {isa = PBXBuildFile; fileRef = 01FEED012F71880F009C626B /* InviteFriends.swift */; };
		742E371B2CBC036F0056F692 /* ProfileViewModel.swift in Sources */ = {isa = PBXBuildFile; fileRef = 742E371A2CBC036F0056F692 /* ProfileViewModel.swift */; };
		744091EC2DE57AB600ACC67A /* StoreItemView.swift in Sources */ = {isa = PBXBuildFile; fileRef = 744091EB2DE57AB500ACC67A /* StoreItemView.swift */; };
		748542B32CB5307000C58D9B /* HomeView.swift in Sources */ = {isa = PBXBuildFile; fileRef = 748542B22CB5307000C58D9B /* HomeView.swift */; };
		748542B52CB5378A00C58D9B /* ReminderView.swift in Sources */ = {isa = PBXBuildFile; fileRef = 748542B42CB5378A00C58D9B /* ReminderView.swift */; };
		7498B0842CC2D49A0003C68F /* StoresView.swift in Sources */ = {isa = PBXBuildFile; fileRef = 7498B0832CC2D49A0003C68F /* StoresView.swift */; };
		74A79E7D2CBDAA4E00713F0E /* Reminder.swift in Sources */ = {isa = PBXBuildFile; fileRef = 74A79E7C2CBDAA4E00713F0E /* Reminder.swift */; };
		74A79E7F2CBDAB2A00713F0E /* ReminderItemView.swift in Sources */ = {isa = PBXBuildFile; fileRef = 74A79E7E2CBDAB2A00713F0E /* ReminderItemView.swift */; };
		74A79E832CBDAC7500713F0E /* ReminderItemViewModel.swift in Sources */ = {isa = PBXBuildFile; fileRef = 74A79E822CBDAC7500713F0E /* ReminderItemViewModel.swift */; };
		74A79E852CBDACB800713F0E /* Store.swift in Sources */ = {isa = PBXBuildFile; fileRef = 74A79E842CBDACB800713F0E /* Store.swift */; };
		74A8AA3E2DEBB84B005855A0 /* AddReminderView.swift in Sources */ = {isa = PBXBuildFile; fileRef = 74A8AA3D2DEBB84B005855A0 /* AddReminderView.swift */; };
		8278FDF82C5DD1C90017EB72 /* Geolocation_v1_0_0App.swift in Sources */ = {isa = PBXBuildFile; fileRef = 8278FDF72C5DD1C90017EB72 /* Geolocation_v1_0_0App.swift */; };
		8278FDFA2C5DD1C90017EB72 /* MainView.swift in Sources */ = {isa = PBXBuildFile; fileRef = 8278FDF92C5DD1C90017EB72 /* MainView.swift */; };
		8278FDFC2C5DD1CB0017EB72 /* Assets.xcassets in Resources */ = {isa = PBXBuildFile; fileRef = 8278FDFB2C5DD1CB0017EB72 /* Assets.xcassets */; };
		8278FDFF2C5DD1CB0017EB72 /* Preview Assets.xcassets in Resources */ = {isa = PBXBuildFile; fileRef = 8278FDFE2C5DD1CB0017EB72 /* Preview Assets.xcassets */; };
		8278FE072C5DD4310017EB72 /* FirebaseAuth in Frameworks */ = {isa = PBXBuildFile; productRef = 8278FE062C5DD4310017EB72 /* FirebaseAuth */; };
		8278FE092C5DD4310017EB72 /* FirebaseFirestore in Frameworks */ = {isa = PBXBuildFile; productRef = 8278FE082C5DD4310017EB72 /* FirebaseFirestore */; };
		8278FE0B2C5DD4310017EB72 /* FirebaseStorage in Frameworks */ = {isa = PBXBuildFile; productRef = 8278FE0A2C5DD4310017EB72 /* FirebaseStorage */; };
		8278FE132C5F23010017EB72 /* LoginView.swift in Sources */ = {isa = PBXBuildFile; fileRef = 8278FE122C5F23010017EB72 /* LoginView.swift */; };
		82916C162C914BA800F810A3 /* MapViewModel.swift in Sources */ = {isa = PBXBuildFile; fileRef = 82916C152C914BA800F810A3 /* MapViewModel.swift */; };
		82D289AA2C61CA71009F357F /* SignupView.swift in Sources */ = {isa = PBXBuildFile; fileRef = 82D289A92C61CA71009F357F /* SignupView.swift */; };
		82D289AC2C61CCD4009F357F /* LoginViewModel.swift in Sources */ = {isa = PBXBuildFile; fileRef = 82D289AB2C61CCD4009F357F /* LoginViewModel.swift */; };
		82D289AE2C61CEBD009F357F /* SignupViewModel.swift in Sources */ = {isa = PBXBuildFile; fileRef = 82D289AD2C61CEBD009F357F /* SignupViewModel.swift */; };
		82D289B02C61D30C009F357F /* User.swift in Sources */ = {isa = PBXBuildFile; fileRef = 82D289AF2C61D30C009F357F /* User.swift */; };
		82D289B32C61D403009F357F /* EncodableExtension.swift in Sources */ = {isa = PBXBuildFile; fileRef = 82D289B22C61D403009F357F /* EncodableExtension.swift */; };
		82D289B52C61D52F009F357F /* MainViewModel.swift in Sources */ = {isa = PBXBuildFile; fileRef = 82D289B42C61D52F009F357F /* MainViewModel.swift */; };
		82D289B72C61D631009F357F /* ProfileView.swift in Sources */ = {isa = PBXBuildFile; fileRef = 82D289B62C61D631009F357F /* ProfileView.swift */; };
		82D715C62C8D6B230000D1E3 /* MapView.swift in Sources */ = {isa = PBXBuildFile; fileRef = 82D715C52C8D6B230000D1E3 /* MapView.swift */; };
		82EC11832C64755300A6CD8C /* LocationDetailsView.swift in Sources */ = {isa = PBXBuildFile; fileRef = 82EC11822C64755300A6CD8C /* LocationDetailsView.swift */; };
		A1B2C3D400000000000000F2 /* FirebaseFunctions in Frameworks */ = {isa = PBXBuildFile; productRef = A1B2C3D400000000000000F1 /* FirebaseFunctions */; };
		AA1234560001AABB00CC0004 /* OpenAIService.swift in Sources */ = {isa = PBXBuildFile; fileRef = AA1234560001AABB00CC0001 /* OpenAIService.swift */; };
		AA1234560001AABB00CC0005 /* SmartRecipeViewModel.swift in Sources */ = {isa = PBXBuildFile; fileRef = AA1234560001AABB00CC0002 /* SmartRecipeViewModel.swift */; };
		AA1234560001AABB00CC0006 /* SmartRecipeView.swift in Sources */ = {isa = PBXBuildFile; fileRef = AA1234560001AABB00CC0003 /* SmartRecipeView.swift */; };
		AA1234560001AABB00CC0020 /* FriendRequestService.swift in Sources */ = {isa = PBXBuildFile; fileRef = AA1234560001AABB00CC0010 /* FriendRequestService.swift */; };
		AA1234560001AABB00CC0021 /* FriendsService.swift in Sources */ = {isa = PBXBuildFile; fileRef = AA1234560001AABB00CC0011 /* FriendsService.swift */; };
		AA1234560001AABB00CC0023 /* LocationMonitoringManager.swift in Sources */ = {isa = PBXBuildFile; fileRef = AA1234560001AABB00CC0013 /* LocationMonitoringManager.swift */; };
		AA1234560001AABB00CC0024 /* LocationSearchManager.swift in Sources */ = {isa = PBXBuildFile; fileRef = AA1234560001AABB00CC0014 /* LocationSearchManager.swift */; };
		AA1234560001AABB00CC0025 /* MessagingService.swift in Sources */ = {isa = PBXBuildFile; fileRef = AA1234560001AABB00CC0015 /* MessagingService.swift */; };
		AA1234560001AABB00CC0026 /* NotificationLogStore.swift in Sources */ = {isa = PBXBuildFile; fileRef = AA1234560001AABB00CC0016 /* NotificationLogStore.swift */; };
		AA1234560001AABB00CC0027 /* NotificationManager.swift in Sources */ = {isa = PBXBuildFile; fileRef = AA1234560001AABB00CC0017 /* NotificationManager.swift */; };
		AA1234560001AABB00CC0028 /* StoreLogoProvider.swift in Sources */ = {isa = PBXBuildFile; fileRef = AA1234560001AABB00CC0018 /* StoreLogoProvider.swift */; };
		AA1234560001AABB00CC0029 /* UserSessionManager.swift in Sources */ = {isa = PBXBuildFile; fileRef = AA1234560001AABB00CC0019 /* UserSessionManager.swift */; };
		AA1234560001AABB00CC0031 /* SubscriptionPaywallView.swift in Sources */ = {isa = PBXBuildFile; fileRef = AA1234560001AABB00CC0030 /* SubscriptionPaywallView.swift */; };
		AA1234560001AABB00CC0302 /* ReminderHistory.swift in Sources */ = {isa = PBXBuildFile; fileRef = AA1234560001AABB00CC0301 /* ReminderHistory.swift */; };
		AA1234560001AABB00CC0304 /* ReminderHistoryViewModel.swift in Sources */ = {isa = PBXBuildFile; fileRef = AA1234560001AABB00CC0303 /* ReminderHistoryViewModel.swift */; };
		AA1234560001AABB00CC0306 /* HistoryView.swift in Sources */ = {isa = PBXBuildFile; fileRef = AA1234560001AABB00CC0305 /* HistoryView.swift */; };
		AA1234560001AABB00CC0308 /* StoreAnalytics.swift in Sources */ = {isa = PBXBuildFile; fileRef = AA1234560001AABB00CC0307 /* StoreAnalytics.swift */; };
		AA1234560001AABB00CC0310 /* StoreAnalyticsView.swift in Sources */ = {isa = PBXBuildFile; fileRef = AA1234560001AABB00CC0309 /* StoreAnalyticsView.swift */; };
		AA1234560001AABB00CC0502 /* VoiceCommand.swift in Sources */ = {isa = PBXBuildFile; fileRef = AA1234560001AABB00CC0501 /* VoiceCommand.swift */; };
		AA1234560001AABB00CC0504 /* SpeechRecognitionManager.swift in Sources */ = {isa = PBXBuildFile; fileRef = AA1234560001AABB00CC0503 /* SpeechRecognitionManager.swift */; };
		AA1234560001AABB00CC0506 /* VoiceCommandViewModel.swift in Sources */ = {isa = PBXBuildFile; fileRef = AA1234560001AABB00CC0505 /* VoiceCommandViewModel.swift */; };
		AA1234560001AABB00CC0508 /* VoiceCommandView.swift in Sources */ = {isa = PBXBuildFile; fileRef = AA1234560001AABB00CC0507 /* VoiceCommandView.swift */; };
		AA1234560001AABB00CC0510 /* FeatureFlags.swift in Sources */ = {isa = PBXBuildFile; fileRef = AA1234560001AABB00CC0509 /* FeatureFlags.swift */; };
		BC0200000001AABB00CC0001 /* MembershipCard.swift in Sources */ = {isa = PBXBuildFile; fileRef = BC0100000001AABB00CC0001 /* MembershipCard.swift */; };
		BC0200000001AABB00CC0002 /* BarcodeGenerator.swift in Sources */ = {isa = PBXBuildFile; fileRef = BC0100000001AABB00CC0002 /* BarcodeGenerator.swift */; };
		BC0200000001AABB00CC0003 /* MembershipBarcodeView.swift in Sources */ = {isa = PBXBuildFile; fileRef = BC0100000001AABB00CC0003 /* MembershipBarcodeView.swift */; };
		BC0200000001AABB00CC0004 /* RetailBarcode.swift in Sources */ = {isa = PBXBuildFile; fileRef = BC0100000001AABB00CC0004 /* RetailBarcode.swift */; };
		C10000000001AABB00CC0041 /* SharedReminderNotificationService.swift in Sources */ = {isa = PBXBuildFile; fileRef = C10000000001AABB00CC0040 /* SharedReminderNotificationService.swift */; };
		CC0200000000000000000001 /* NotifiWidgetBundle.swift in Sources */ = {isa = PBXBuildFile; fileRef = CC0100000000000000000001 /* NotifiWidgetBundle.swift */; };
		CC0200000000000000000002 /* NotifiWidget.swift in Sources */ = {isa = PBXBuildFile; fileRef = CC0100000000000000000002 /* NotifiWidget.swift */; };
		CC0200000000000000000003 /* NotifiWidgetViews.swift in Sources */ = {isa = PBXBuildFile; fileRef = CC0100000000000000000003 /* NotifiWidgetViews.swift */; };
		CC0200000000000000000004 /* WidgetDataStore.swift in Sources */ = {isa = PBXBuildFile; fileRef = CC0100000000000000000004 /* WidgetDataStore.swift */; };
		CC0200000000000000000005 /* NotifiWidget.appex in Embed App Extensions */ = {isa = PBXBuildFile; fileRef = CC0100000000000000000005 /* NotifiWidget.appex */; settings = {ATTRIBUTES = (RemoveHeadersOnCopy, ); }; };
		D0A1000000000000000000A2 /* AuthenticationManager.swift in Sources */ = {isa = PBXBuildFile; fileRef = D0A1000000000000000000A1 /* AuthenticationManager.swift */; };
		D0A1000000000000000000F4 /* GoogleSignIn in Frameworks */ = {isa = PBXBuildFile; productRef = D0A1000000000000000000F2 /* GoogleSignIn */; };
		DF66A9982E24C86100C15DA9 /* User_Store.swift in Sources */ = {isa = PBXBuildFile; fileRef = DF66A9972E24C86100C15DA9 /* User_Store.swift */; };
		FF0200000001AABB00CC0001 /* SpecialElite-Regular.ttf in Resources */ = {isa = PBXBuildFile; fileRef = FF0100000001AABB00CC0001 /* SpecialElite-Regular.ttf */; };
/* End PBXBuildFile section */

/* Begin PBXContainerItemProxy section */
		0133243A2FDCAE0D0074A818 /* PBXContainerItemProxy */ = {
			isa = PBXContainerItemProxy;
			containerPortal = 8278FDEC2C5DD1C80017EB72 /* Project object */;
			proxyType = 1;
			remoteGlobalIDString = 013324342FDCAE0D0074A818;
			remoteInfo = NotifiNotificationService;
		};
		0176B30C2F3CE658003B9C75 /* PBXContainerItemProxy */ = {
			isa = PBXContainerItemProxy;
			containerPortal = 8278FDEC2C5DD1C80017EB72 /* Project object */;
			proxyType = 1;
			remoteGlobalIDString = 8278FDF32C5DD1C80017EB72;
			remoteInfo = Allim;
		};
		01A3398B2FE191EB00207C36 /* PBXContainerItemProxy */ = {
			isa = PBXContainerItemProxy;
			containerPortal = 8278FDEC2C5DD1C80017EB72 /* Project object */;
			proxyType = 1;
			remoteGlobalIDString = 01A339832FE191EB00207C36;
			remoteInfo = NearBuyIntents;
		};
		CC0800000000000000000001 /* PBXContainerItemProxy */ = {
			isa = PBXContainerItemProxy;
			containerPortal = 8278FDEC2C5DD1C80017EB72 /* Project object */;
			proxyType = 1;
			remoteGlobalIDString = CC0500000000000000000001;
			remoteInfo = NotifiWidget;
		};
/* End PBXContainerItemProxy section */

/* Begin PBXCopyFilesBuildPhase section */
		AA100000000000000000000A /* Embed Watch Content */ = {
			isa = PBXCopyFilesBuildPhase;
			buildActionMask = 2147483647;
			dstPath = "$(CONTENTS_FOLDER_PATH)/Watch";
			dstSubfolderSpec = 16;
			files = (
			);
			name = "Embed Watch Content";
			runOnlyForDeploymentPostprocessing = 0;
		};
		CC0300000000000000000004 /* Embed App Extensions */ = {
			isa = PBXCopyFilesBuildPhase;
			buildActionMask = 2147483647;
			dstPath = "";
			dstSubfolderSpec = 13;
			files = (
				01A3398D2FE191EB00207C36 /* NearBuyIntents.appex in Embed App Extensions */,
				0133243C2FDCAE0D0074A818 /* NotifiNotificationService.appex in Embed App Extensions */,
				CC0200000000000000000005 /* NotifiWidget.appex in Embed App Extensions */,
			);
			name = "Embed App Extensions";
			runOnlyForDeploymentPostprocessing = 0;
		};
/* End PBXCopyFilesBuildPhase section */

/* Begin PBXFileReference section */
		010405B92F575A680057862B /* TravelTimeService.swift */ = {isa = PBXFileReference; lastKnownFileType = sourcecode.swift; path = TravelTimeService.swift; sourceTree = "<group>"; };
		010405BB2F575A6F0057862B /* OnMyWayNotificationService.swift */ = {isa = PBXFileReference; lastKnownFileType = sourcecode.swift; path = OnMyWayNotificationService.swift; sourceTree = "<group>"; };
		010A82C82F73377900728D59 /* GroupInfoView.swift */ = {isa = PBXFileReference; lastKnownFileType = sourcecode.swift; path = GroupInfoView.swift; sourceTree = "<group>"; };
		010A82CA2F73378000728D59 /* NewGroupView.swift */ = {isa = PBXFileReference; lastKnownFileType = sourcecode.swift; path = NewGroupView.swift; sourceTree = "<group>"; };
		010B28082EB6C2E9004E828B /* AddStoreView.swift */ = {isa = PBXFileReference; lastKnownFileType = sourcecode.swift; path = AddStoreView.swift; sourceTree = "<group>"; };
		0110775F2F609A1500E76A67 /* StoreFloatView.swift */ = {isa = PBXFileReference; lastKnownFileType = sourcecode.swift; path = StoreFloatView.swift; sourceTree = "<group>"; };
		011574872F69DC3900963138 /* FCMTokenManager.swift */ = {isa = PBXFileReference; lastKnownFileType = sourcecode.swift; path = FCMTokenManager.swift; sourceTree = "<group>"; };
		011574892F69DC4D00963138 /* AppDelegate.swift */ = {isa = PBXFileReference; lastKnownFileType = sourcecode.swift; path = AppDelegate.swift; sourceTree = "<group>"; };
		0115748F2F69F0C700963138 /* AllimRelease.entitlements */ = {isa = PBXFileReference; lastKnownFileType = text.plist.entitlements; path = AllimRelease.entitlements; sourceTree = "<group>"; };
		011574922F69FD9700963138 /* GoogleService-Info.plist */ = {isa = PBXFileReference; lastKnownFileType = text.plist.xml; path = "GoogleService-Info.plist"; sourceTree = "<group>"; };
		0119CD0C2F4CF95A00DEDEFD /* AutoDeleteSwipeRail.swift */ = {isa = PBXFileReference; lastKnownFileType = sourcecode.swift; path = AutoDeleteSwipeRail.swift; sourceTree = "<group>"; };
		0119CD0E2F4CF96000DEDEFD /* CachedLogoImage.swift */ = {isa = PBXFileReference; lastKnownFileType = sourcecode.swift; path = CachedLogoImage.swift; sourceTree = "<group>"; };
		011CF5FD2ED638D6009A31A6 /* ForgotPasswordView.swift */ = {isa = PBXFileReference; lastKnownFileType = sourcecode.swift; path = ForgotPasswordView.swift; sourceTree = "<group>"; };
		011CF5FF2ED638DD009A31A6 /* ShareStoreView.swift */ = {isa = PBXFileReference; lastKnownFileType = sourcecode.swift; path = ShareStoreView.swift; sourceTree = "<group>"; };
		011CF6012ED638E4009A31A6 /* SharedStoreGroup.swift */ = {isa = PBXFileReference; lastKnownFileType = sourcecode.swift; path = SharedStoreGroup.swift; sourceTree = "<group>"; };
		011CF6062ED638F9009A31A6 /* ForgotPasswordViewModel.swift */ = {isa = PBXFileReference; lastKnownFileType = sourcecode.swift; path = ForgotPasswordViewModel.swift; sourceTree = "<group>"; };
		011CF6082ED63945009A31A6 /* Notifi.icon */ = {isa = PBXFileReference; lastKnownFileType = folder.iconcomposer.icon; path = Notifi.icon; sourceTree = "<group>"; };
		011CF60C2ED63A69009A31A6 /* NotifiApp.icon */ = {isa = PBXFileReference; lastKnownFileType = folder.iconcomposer.icon; path = NotifiApp.icon; sourceTree = "<group>"; };
		012FB6942F6AED5C0020BB90 /* TutorialMockData.swift */ = {isa = PBXFileReference; lastKnownFileType = sourcecode.swift; path = TutorialMockData.swift; sourceTree = "<group>"; };
		013324352FDCAE0D0074A818 /* NotifiNotificationService.appex */ = {isa = PBXFileReference; explicitFileType = "wrapper.app-extension"; includeInIndex = 0; path = NotifiNotificationService.appex; sourceTree = BUILT_PRODUCTS_DIR; };
		0138242C2EDCD05F0069F38C /* NotificationLog.swift */ = {isa = PBXFileReference; lastKnownFileType = sourcecode.swift; path = NotificationLog.swift; sourceTree = "<group>"; };
		0138242E2EDCD08C0069F38C /* NotificationLogView.swift */ = {isa = PBXFileReference; lastKnownFileType = sourcecode.swift; path = NotificationLogView.swift; sourceTree = "<group>"; };
		0138D8742F68BB95007CC1E4 /* SubscriptionManager.swift */ = {isa = PBXFileReference; lastKnownFileType = sourcecode.swift; path = SubscriptionManager.swift; sourceTree = "<group>"; };
		0141FCBD2F71880F009C626B /* PrivacyPolicyView.swift */ = {isa = PBXFileReference; lastKnownFileType = sourcecode.swift; path = PrivacyPolicyView.swift; sourceTree = "<group>"; };
		0141FCBF2F718817009C626B /* SubscriptionManagementView.swift */ = {isa = PBXFileReference; lastKnownFileType = sourcecode.swift; path = SubscriptionManagementView.swift; sourceTree = "<group>"; };
		01500AB32F87F22F0038F0D3 /* SubscriptionDebugView.swift */ = {isa = PBXFileReference; lastKnownFileType = sourcecode.swift; path = SubscriptionDebugView.swift; sourceTree = "<group>"; };
		016FC87D2F97EACF005AD716 /* Allim.icon */ = {isa = PBXFileReference; lastKnownFileType = folder.iconcomposer.icon; path = Allim.icon; sourceTree = "<group>"; };
		0176B3082F3CE658003B9C75 /* Geolocation_v1_0_0Tests.xctest */ = {isa = PBXFileReference; explicitFileType = wrapper.cfbundle; includeInIndex = 0; path = Geolocation_v1_0_0Tests.xctest; sourceTree = BUILT_PRODUCTS_DIR; };
		017BD2522F76D39800E5842A /* RecipeView.swift */ = {isa = PBXFileReference; lastKnownFileType = sourcecode.swift; path = RecipeView.swift; sourceTree = "<group>"; };
		017BD2542F76D3B600E5842A /* Recipe.swift */ = {isa = PBXFileReference; lastKnownFileType = sourcecode.swift; path = Recipe.swift; sourceTree = "<group>"; };
		017BD2562F76D3BD00E5842A /* RecipeViewModel.swift */ = {isa = PBXFileReference; lastKnownFileType = sourcecode.swift; path = RecipeViewModel.swift; sourceTree = "<group>"; };
		0183E1F82F743AFE00AB9429 /* AccountSecurityView.swift */ = {isa = PBXFileReference; lastKnownFileType = sourcecode.swift; path = AccountSecurityView.swift; sourceTree = "<group>"; };
		0183E1FA2F743B0500AB9429 /* AboutView.swift */ = {isa = PBXFileReference; lastKnownFileType = sourcecode.swift; path = AboutView.swift; sourceTree = "<group>"; };
		0183E1FC2F743B0C00AB9429 /* ReportFeedbackView.swift */ = {isa = PBXFileReference; lastKnownFileType = sourcecode.swift; path = ReportFeedbackView.swift; sourceTree = "<group>"; };
		0188F8582F68568C007953B2 /* BannerAdView.swift */ = {isa = PBXFileReference; lastKnownFileType = sourcecode.swift; path = BannerAdView.swift; sourceTree = "<group>"; };
		01897B5A2EBA4AB00038A4D1 /* StoresViewModel.swift */ = {isa = PBXFileReference; lastKnownFileType = sourcecode.swift; path = StoresViewModel.swift; sourceTree = "<group>"; };
		018D77DF2ED7C43C00E767D6 /* Info.plist */ = {isa = PBXFileReference; lastKnownFileType = text.plist.xml; path = Info.plist; sourceTree = "<group>"; };
		01A339842FE191EB00207C36 /* NearBuyIntents.appex */ = {isa = PBXFileReference; explicitFileType = "wrapper.app-extension"; includeInIndex = 0; path = NearBuyIntents.appex; sourceTree = BUILT_PRODUCTS_DIR; };
		01A339852FE191EB00207C36 /* Intents.framework */ = {isa = PBXFileReference; lastKnownFileType = wrapper.framework; name = Intents.framework; path = System/Library/Frameworks/Intents.framework; sourceTree = SDKROOT; };
		01A339A32FE1A86E00207C36 /* en */ = {isa = PBXFileReference; lastKnownFileType = text.plist.xml; name = en; path = en.lproj/AppIntentVocabulary.plist; sourceTree = "<group>"; };
		01AA00012F900000AB942901 /* ProfileSetupView.swift */ = {isa = PBXFileReference; lastKnownFileType = sourcecode.swift; path = ProfileSetupView.swift; sourceTree = "<group>"; };
		01AA00032F900000AB942903 /* ProfileSetupViewModel.swift */ = {isa = PBXFileReference; lastKnownFileType = sourcecode.swift; path = ProfileSetupViewModel.swift; sourceTree = "<group>"; };
		01AA00112F900000AB942911 /* PermissionOnboardingManager.swift */ = {isa = PBXFileReference; lastKnownFileType = sourcecode.swift; path = PermissionOnboardingManager.swift; sourceTree = "<group>"; };
		01AA00132F900000AB942913 /* PermissionOnboardingView.swift */ = {isa = PBXFileReference; lastKnownFileType = sourcecode.swift; path = PermissionOnboardingView.swift; sourceTree = "<group>"; };
		01B408212F3BEC7F00EA1F25 /* Secrets.xcconfig */ = {isa = PBXFileReference; lastKnownFileType = text.xcconfig; path = Secrets.xcconfig; sourceTree = "<group>"; };
		01B408222F3BECB100EA1F25 /* MessagesViewModel.swift */ = {isa = PBXFileReference; lastKnownFileType = sourcecode.swift; path = MessagesViewModel.swift; sourceTree = "<group>"; };
		01B408242F3BECB800EA1F25 /* FriendsViewModel.swift */ = {isa = PBXFileReference; lastKnownFileType = sourcecode.swift; path = FriendsViewModel.swift; sourceTree = "<group>"; };
		01B408262F3BECC300EA1F25 /* Friend.swift */ = {isa = PBXFileReference; lastKnownFileType = sourcecode.swift; path = Friend.swift; sourceTree = "<group>"; };
		01B408282F3BECC900EA1F25 /* FriendRequest.swift */ = {isa = PBXFileReference; lastKnownFileType = sourcecode.swift; path = FriendRequest.swift; sourceTree = "<group>"; };
		01B4082A2F3BECCF00EA1F25 /* Message.swift */ = {isa = PBXFileReference; lastKnownFileType = sourcecode.swift; path = Message.swift; sourceTree = "<group>"; };
		01B4082C2F3BECD600EA1F25 /* StoreCluster.swift */ = {isa = PBXFileReference; lastKnownFileType = sourcecode.swift; path = StoreCluster.swift; sourceTree = "<group>"; };
		01B4082E2F3BECE600EA1F25 /* ConversationView.swift */ = {isa = PBXFileReference; lastKnownFileType = sourcecode.swift; path = ConversationView.swift; sourceTree = "<group>"; };
		01B408302F3BECEC00EA1F25 /* FriendsView.swift */ = {isa = PBXFileReference; lastKnownFileType = sourcecode.swift; path = FriendsView.swift; sourceTree = "<group>"; };
		01B408322F3BECF200EA1F25 /* MessagesView.swift */ = {isa = PBXFileReference; lastKnownFileType = sourcecode.swift; path = MessagesView.swift; sourceTree = "<group>"; };
		01B408342F3BECF900EA1F25 /* ShareReminderView.swift */ = {isa = PBXFileReference; lastKnownFileType = sourcecode.swift; path = ShareReminderView.swift; sourceTree = "<group>"; };
		01B78C372EBD414A00201B88 /* UserStoreItem.swift */ = {isa = PBXFileReference; lastKnownFileType = sourcecode.swift; path = UserStoreItem.swift; sourceTree = "<group>"; };
		01B78C392EBD415F00201B88 /* ReminderViewModel.swift */ = {isa = PBXFileReference; lastKnownFileType = sourcecode.swift; path = ReminderViewModel.swift; sourceTree = "<group>"; };
		01BC6BF6303265DE0018331E /* ReminderToggleService.swift */ = {isa = PBXFileReference; lastKnownFileType = sourcecode.swift; path = ReminderToggleService.swift; sourceTree = "<group>"; };
		01BC6BF7303265DE0018331E /* WatchConnectivityManager.swift */ = {isa = PBXFileReference; lastKnownFileType = sourcecode.swift; path = WatchConnectivityManager.swift; sourceTree = "<group>"; };
		01BC6BF8303265DE0018331E /* WatchSyncModels.swift */ = {isa = PBXFileReference; lastKnownFileType = sourcecode.swift; path = WatchSyncModels.swift; sourceTree = "<group>"; };
		01BF38AA301C3DE700F49DBC /* BackgroundPickerView.swift */ = {isa = PBXFileReference; lastKnownFileType = sourcecode.swift; path = BackgroundPickerView.swift; sourceTree = "<group>"; };
		01D2D8722EC2901F009C371F /* ImagePicker.swift */ = {isa = PBXFileReference; lastKnownFileType = sourcecode.swift; path = ImagePicker.swift; sourceTree = "<group>"; };
		01D86E942F6AD65B0007802A /* TutorialManager.swift */ = {isa = PBXFileReference; lastKnownFileType = sourcecode.swift; path = TutorialManager.swift; sourceTree = "<group>"; };
		01D86E962F6AD6630007802A /* TutorialOverlayView.swift */ = {isa = PBXFileReference; lastKnownFileType = sourcecode.swift; path = TutorialOverlayView.swift; sourceTree = "<group>"; };
		01D86E9A2F6AD6630007802A /* TutorialReminderScene.swift */ = {isa = PBXFileReference; lastKnownFileType = sourcecode.swift; path = TutorialReminderScene.swift; sourceTree = "<group>"; };
		01EF1E4C2F50A1B500D79D3C /* FavoriteTag.swift */ = {isa = PBXFileReference; lastKnownFileType = sourcecode.swift; path = FavoriteTag.swift; sourceTree = "<group>"; };
		01FEED012F71880F009C626B /* InviteFriends.swift */ = {isa = PBXFileReference; lastKnownFileType = sourcecode.swift; path = InviteFriends.swift; sourceTree = "<group>"; };
		742E371A2CBC036F0056F692 /* ProfileViewModel.swift */ = {isa = PBXFileReference; lastKnownFileType = sourcecode.swift; path = ProfileViewModel.swift; sourceTree = "<group>"; };
		744091EB2DE57AB500ACC67A /* StoreItemView.swift */ = {isa = PBXFileReference; lastKnownFileType = sourcecode.swift; path = StoreItemView.swift; sourceTree = "<group>"; };
		748542B22CB5307000C58D9B /* HomeView.swift */ = {isa = PBXFileReference; lastKnownFileType = sourcecode.swift; path = HomeView.swift; sourceTree = "<group>"; };
		748542B42CB5378A00C58D9B /* ReminderView.swift */ = {isa = PBXFileReference; lastKnownFileType = sourcecode.swift; path = ReminderView.swift; sourceTree = "<group>"; };
		7498B0832CC2D49A0003C68F /* StoresView.swift */ = {isa = PBXFileReference; lastKnownFileType = sourcecode.swift; path = StoresView.swift; sourceTree = "<group>"; };
		74A79E7C2CBDAA4E00713F0E /* Reminder.swift */ = {isa = PBXFileReference; lastKnownFileType = sourcecode.swift; path = Reminder.swift; sourceTree = "<group>"; };
		74A79E7E2CBDAB2A00713F0E /* ReminderItemView.swift */ = {isa = PBXFileReference; lastKnownFileType = sourcecode.swift; path = ReminderItemView.swift; sourceTree = "<group>"; };
		74A79E822CBDAC7500713F0E /* ReminderItemViewModel.swift */ = {isa = PBXFileReference; lastKnownFileType = sourcecode.swift; path = ReminderItemViewModel.swift; sourceTree = "<group>"; };
		74A79E842CBDACB800713F0E /* Store.swift */ = {isa = PBXFileReference; lastKnownFileType = sourcecode.swift; path = Store.swift; sourceTree = "<group>"; };
		74A8AA3D2DEBB84B005855A0 /* AddReminderView.swift */ = {isa = PBXFileReference; lastKnownFileType = sourcecode.swift; path = AddReminderView.swift; sourceTree = "<group>"; };
		8278FDF42C5DD1C90017EB72 /* Allim.app */ = {isa = PBXFileReference; explicitFileType = wrapper.application; includeInIndex = 0; path = Allim.app; sourceTree = BUILT_PRODUCTS_DIR; };
		8278FDF72C5DD1C90017EB72 /* Geolocation_v1_0_0App.swift */ = {isa = PBXFileReference; lastKnownFileType = sourcecode.swift; path = Geolocation_v1_0_0App.swift; sourceTree = "<group>"; };
		8278FDF92C5DD1C90017EB72 /* MainView.swift */ = {isa = PBXFileReference; lastKnownFileType = sourcecode.swift; path = MainView.swift; sourceTree = "<group>"; };
		8278FDFB2C5DD1CB0017EB72 /* Assets.xcassets */ = {isa = PBXFileReference; lastKnownFileType = folder.assetcatalog; path = Assets.xcassets; sourceTree = "<group>"; };
		8278FDFE2C5DD1CB0017EB72 /* Preview Assets.xcassets */ = {isa = PBXFileReference; lastKnownFileType = folder.assetcatalog; path = "Preview Assets.xcassets"; sourceTree = "<group>"; };
		8278FE122C5F23010017EB72 /* LoginView.swift */ = {isa = PBXFileReference; lastKnownFileType = sourcecode.swift; path = LoginView.swift; sourceTree = "<group>"; };
		82916C152C914BA800F810A3 /* MapViewModel.swift */ = {isa = PBXFileReference; lastKnownFileType = sourcecode.swift; path = MapViewModel.swift; sourceTree = "<group>"; };
		82D289A92C61CA71009F357F /* SignupView.swift */ = {isa = PBXFileReference; lastKnownFileType = sourcecode.swift; path = SignupView.swift; sourceTree = "<group>"; };
		82D289AB2C61CCD4009F357F /* LoginViewModel.swift */ = {isa = PBXFileReference; lastKnownFileType = sourcecode.swift; path = LoginViewModel.swift; sourceTree = "<group>"; };
		82D289AD2C61CEBD009F357F /* SignupViewModel.swift */ = {isa = PBXFileReference; lastKnownFileType = sourcecode.swift; path = SignupViewModel.swift; sourceTree = "<group>"; };
		82D289AF2C61D30C009F357F /* User.swift */ = {isa = PBXFileReference; lastKnownFileType = sourcecode.swift; path = User.swift; sourceTree = "<group>"; };
		82D289B22C61D403009F357F /* EncodableExtension.swift */ = {isa = PBXFileReference; lastKnownFileType = sourcecode.swift; path = EncodableExtension.swift; sourceTree = "<group>"; };
		82D289B42C61D52F009F357F /* MainViewModel.swift */ = {isa = PBXFileReference; lastKnownFileType = sourcecode.swift; path = MainViewModel.swift; sourceTree = "<group>"; };
		82D289B62C61D631009F357F /* ProfileView.swift */ = {isa = PBXFileReference; lastKnownFileType = sourcecode.swift; path = ProfileView.swift; sourceTree = "<group>"; };
		82D715C52C8D6B230000D1E3 /* MapView.swift */ = {isa = PBXFileReference; lastKnownFileType = sourcecode.swift; path = MapView.swift; sourceTree = "<group>"; };
		82EC11822C64755300A6CD8C /* LocationDetailsView.swift */ = {isa = PBXFileReference; lastKnownFileType = sourcecode.swift; path = LocationDetailsView.swift; sourceTree = "<group>"; };
		AA1234560001AABB00CC0001 /* OpenAIService.swift */ = {isa = PBXFileReference; lastKnownFileType = sourcecode.swift; path = OpenAIService.swift; sourceTree = "<group>"; };
		AA1234560001AABB00CC0002 /* SmartRecipeViewModel.swift */ = {isa = PBXFileReference; lastKnownFileType = sourcecode.swift; path = SmartRecipeViewModel.swift; sourceTree = "<group>"; };
		AA1234560001AABB00CC0003 /* SmartRecipeView.swift */ = {isa = PBXFileReference; lastKnownFileType = sourcecode.swift; path = SmartRecipeView.swift; sourceTree = "<group>"; };
		AA1234560001AABB00CC0010 /* FriendRequestService.swift */ = {isa = PBXFileReference; lastKnownFileType = sourcecode.swift; path = FriendRequestService.swift; sourceTree = "<group>"; };
		AA1234560001AABB00CC0011 /* FriendsService.swift */ = {isa = PBXFileReference; lastKnownFileType = sourcecode.swift; path = FriendsService.swift; sourceTree = "<group>"; };
		AA1234560001AABB00CC0013 /* LocationMonitoringManager.swift */ = {isa = PBXFileReference; lastKnownFileType = sourcecode.swift; path = LocationMonitoringManager.swift; sourceTree = "<group>"; };
		AA1234560001AABB00CC0014 /* LocationSearchManager.swift */ = {isa = PBXFileReference; lastKnownFileType = sourcecode.swift; path = LocationSearchManager.swift; sourceTree = "<group>"; };
		AA1234560001AABB00CC0015 /* MessagingService.swift */ = {isa = PBXFileReference; lastKnownFileType = sourcecode.swift; path = MessagingService.swift; sourceTree = "<group>"; };
		AA1234560001AABB00CC0016 /* NotificationLogStore.swift */ = {isa = PBXFileReference; lastKnownFileType = sourcecode.swift; path = NotificationLogStore.swift; sourceTree = "<group>"; };
		AA1234560001AABB00CC0017 /* NotificationManager.swift */ = {isa = PBXFileReference; lastKnownFileType = sourcecode.swift; path = NotificationManager.swift; sourceTree = "<group>"; };
		AA1234560001AABB00CC0018 /* StoreLogoProvider.swift */ = {isa = PBXFileReference; lastKnownFileType = sourcecode.swift; path = StoreLogoProvider.swift; sourceTree = "<group>"; };
		AA1234560001AABB00CC0019 /* UserSessionManager.swift */ = {isa = PBXFileReference; lastKnownFileType = sourcecode.swift; path = UserSessionManager.swift; sourceTree = "<group>"; };
		AA1234560001AABB00CC0030 /* SubscriptionPaywallView.swift */ = {isa = PBXFileReference; lastKnownFileType = sourcecode.swift; path = SubscriptionPaywallView.swift; sourceTree = "<group>"; };
		AA1234560001AABB00CC0301 /* ReminderHistory.swift */ = {isa = PBXFileReference; lastKnownFileType = sourcecode.swift; path = ReminderHistory.swift; sourceTree = "<group>"; };
		AA1234560001AABB00CC0303 /* ReminderHistoryViewModel.swift */ = {isa = PBXFileReference; lastKnownFileType = sourcecode.swift; path = ReminderHistoryViewModel.swift; sourceTree = "<group>"; };
		AA1234560001AABB00CC0305 /* HistoryView.swift */ = {isa = PBXFileReference; lastKnownFileType = sourcecode.swift; path = HistoryView.swift; sourceTree = "<group>"; };
		AA1234560001AABB00CC0307 /* StoreAnalytics.swift */ = {isa = PBXFileReference; lastKnownFileType = sourcecode.swift; path = StoreAnalytics.swift; sourceTree = "<group>"; };
		AA1234560001AABB00CC0309 /* StoreAnalyticsView.swift */ = {isa = PBXFileReference; lastKnownFileType = sourcecode.swift; path = StoreAnalyticsView.swift; sourceTree = "<group>"; };
		AA1234560001AABB00CC0501 /* VoiceCommand.swift */ = {isa = PBXFileReference; lastKnownFileType = sourcecode.swift; path = VoiceCommand.swift; sourceTree = "<group>"; };
		AA1234560001AABB00CC0503 /* SpeechRecognitionManager.swift */ = {isa = PBXFileReference; lastKnownFileType = sourcecode.swift; path = SpeechRecognitionManager.swift; sourceTree = "<group>"; };
		AA1234560001AABB00CC0505 /* VoiceCommandViewModel.swift */ = {isa = PBXFileReference; lastKnownFileType = sourcecode.swift; path = VoiceCommandViewModel.swift; sourceTree = "<group>"; };
		AA1234560001AABB00CC0507 /* VoiceCommandView.swift */ = {isa = PBXFileReference; lastKnownFileType = sourcecode.swift; path = VoiceCommandView.swift; sourceTree = "<group>"; };
		AA1234560001AABB00CC0509 /* FeatureFlags.swift */ = {isa = PBXFileReference; lastKnownFileType = sourcecode.swift; path = FeatureFlags.swift; sourceTree = "<group>"; };
		BC0100000001AABB00CC0001 /* MembershipCard.swift */ = {isa = PBXFileReference; lastKnownFileType = sourcecode.swift; path = MembershipCard.swift; sourceTree = "<group>"; };
		BC0100000001AABB00CC0002 /* BarcodeGenerator.swift */ = {isa = PBXFileReference; lastKnownFileType = sourcecode.swift; path = BarcodeGenerator.swift; sourceTree = "<group>"; };
		BC0100000001AABB00CC0003 /* MembershipBarcodeView.swift */ = {isa = PBXFileReference; lastKnownFileType = sourcecode.swift; path = MembershipBarcodeView.swift; sourceTree = "<group>"; };
		BC0100000001AABB00CC0004 /* RetailBarcode.swift */ = {isa = PBXFileReference; lastKnownFileType = sourcecode.swift; path = RetailBarcode.swift; sourceTree = "<group>"; };
		C10000000001AABB00CC0040 /* SharedReminderNotificationService.swift */ = {isa = PBXFileReference; lastKnownFileType = sourcecode.swift; path = SharedReminderNotificationService.swift; sourceTree = "<group>"; };
		CC0100000000000000000001 /* NotifiWidgetBundle.swift */ = {isa = PBXFileReference; lastKnownFileType = sourcecode.swift; path = NotifiWidgetBundle.swift; sourceTree = "<group>"; };
		CC0100000000000000000002 /* NotifiWidget.swift */ = {isa = PBXFileReference; lastKnownFileType = sourcecode.swift; path = NotifiWidget.swift; sourceTree = "<group>"; };
		CC0100000000000000000003 /* NotifiWidgetViews.swift */ = {isa = PBXFileReference; lastKnownFileType = sourcecode.swift; path = NotifiWidgetViews.swift; sourceTree = "<group>"; };
		CC0100000000000000000004 /* WidgetDataStore.swift */ = {isa = PBXFileReference; lastKnownFileType = sourcecode.swift; path = WidgetDataStore.swift; sourceTree = "<group>"; };
		CC0100000000000000000005 /* NotifiWidget.appex */ = {isa = PBXFileReference; explicitFileType = "wrapper.app-extension"; includeInIndex = 0; path = NotifiWidget.appex; sourceTree = BUILT_PRODUCTS_DIR; };
		CC0100000000000000000006 /* NotifiWidget.entitlements */ = {isa = PBXFileReference; lastKnownFileType = text.plist.entitlements; path = NotifiWidget.entitlements; sourceTree = "<group>"; };
		CC0100000000000000000007 /* Info.plist */ = {isa = PBXFileReference; lastKnownFileType = text.plist.xml; path = Info.plist; sourceTree = "<group>"; };
		D0A1000000000000000000A1 /* AuthenticationManager.swift */ = {isa = PBXFileReference; lastKnownFileType = sourcecode.swift; path = AuthenticationManager.swift; sourceTree = "<group>"; };
		DF66A9972E24C86100C15DA9 /* User_Store.swift */ = {isa = PBXFileReference; lastKnownFileType = sourcecode.swift; path = User_Store.swift; sourceTree = "<group>"; };
		DF66A9992E24C86100C15DA9 /* Geolocation_v1.0.0.entitlements */ = {isa = PBXFileReference; lastKnownFileType = text.plist.entitlements; path = Geolocation_v1.0.0.entitlements; sourceTree = "<group>"; };
		FF0100000001AABB00CC0001 /* SpecialElite-Regular.ttf */ = {isa = PBXFileReference; lastKnownFileType = file; path = "SpecialElite-Regular.ttf"; sourceTree = "<group>"; };
/* End PBXFileReference section */

/* Begin PBXFileSystemSynchronizedBuildFileExceptionSet section */
		0133243F2FDCAE0D0074A818 /* PBXFileSystemSynchronizedBuildFileExceptionSet */ = {
			isa = PBXFileSystemSynchronizedBuildFileExceptionSet;
			membershipExceptions = (
				Info.plist,
				README.md,
			);
			target = 013324342FDCAE0D0074A818 /* NotifiNotificationService */;
		};
		01A3399D2FE19DF200207C36 /* PBXFileSystemSynchronizedBuildFileExceptionSet */ = {
			isa = PBXFileSystemSynchronizedBuildFileExceptionSet;
			membershipExceptions = (
				Info.plist,
			);
			target = 01A339832FE191EB00207C36 /* NearBuyIntents */;
		};
/* End PBXFileSystemSynchronizedBuildFileExceptionSet section */

/* Begin PBXFileSystemSynchronizedRootGroup section */
		011CF6042ED638ED009A31A6 /* Theme */ = {isa = PBXFileSystemSynchronizedRootGroup; explicitFileTypes = {}; explicitFolders = (); path = Theme; sourceTree = "<group>"; };
		013324362FDCAE0D0074A818 /* NotifiNotificationService */ = {isa = PBXFileSystemSynchronizedRootGroup; exceptions = (0133243F2FDCAE0D0074A818 /* PBXFileSystemSynchronizedBuildFileExceptionSet */, ); explicitFileTypes = {}; explicitFolders = (); path = NotifiNotificationService; sourceTree = "<group>"; };
		0176B3092F3CE658003B9C75 /* Geolocation_v1_0_0Tests */ = {isa = PBXFileSystemSynchronizedRootGroup; explicitFileTypes = {}; explicitFolders = (); path = Geolocation_v1_0_0Tests; sourceTree = "<group>"; };
		01A339872FE191EB00207C36 /* NearBuyIntents */ = {isa = PBXFileSystemSynchronizedRootGroup; exceptions = (01A3399D2FE19DF200207C36 /* PBXFileSystemSynchronizedBuildFileExceptionSet */, ); explicitFileTypes = {}; explicitFolders = (); path = NearBuyIntents; sourceTree = "<group>"; };
		01B408202F3BEBF400EA1F25 /* Geolocation_v1.0.0 */ = {isa = PBXFileSystemSynchronizedRootGroup; explicitFileTypes = {}; explicitFolders = (); path = Geolocation_v1.0.0; sourceTree = "<group>"; };
		AA1000000000000000000002 /* AllimWatch Watch App */ = {isa = PBXFileSystemSynchronizedRootGroup; explicitFileTypes = {}; explicitFolders = (); path = "AllimWatch Watch App"; sourceTree = "<group>"; };
/* End PBXFileSystemSynchronizedRootGroup section */

/* Begin PBXFrameworksBuildPhase section */
		013324322FDCAE0D0074A818 /* Frameworks */ = {
			isa = PBXFrameworksBuildPhase;
			buildActionMask = 2147483647;
			files = (
			);
			runOnlyForDeploymentPostprocessing = 0;
		};
		0176B3052F3CE658003B9C75 /* Frameworks */ = {
			isa = PBXFrameworksBuildPhase;
			buildActionMask = 2147483647;
			files = (
			);
			runOnlyForDeploymentPostprocessing = 0;
		};
		01A339812FE191EB00207C36 /* Frameworks */ = {
			isa = PBXFrameworksBuildPhase;
			buildActionMask = 2147483647;
			files = (
				01A339982FE19CA300207C36 /* FirebaseCore in Frameworks */,
				01A339862FE191EB00207C36 /* Intents.framework in Frameworks */,
				01A3399A2FE19CAA00207C36 /* FirebaseFirestore in Frameworks */,
				01A3399C2FE19CBA00207C36 /* FirebaseAuth in Frameworks */,
			);
			runOnlyForDeploymentPostprocessing = 0;
		};
		8278FDF12C5DD1C80017EB72 /* Frameworks */ = {
			isa = PBXFrameworksBuildPhase;
			buildActionMask = 2147483647;
			files = (
				0125A7A32F68345D0089F321 /* GoogleMobileAds in Frameworks */,
				D0A1000000000000000000F4 /* GoogleSignIn in Frameworks */,
				8278FE072C5DD4310017EB72 /* FirebaseAuth in Frameworks */,
				0115748D2F69DCAB00963138 /* FirebaseMessaging in Frameworks */,
				A1B2C3D400000000000000F2 /* FirebaseFunctions in Frameworks */,
				8278FE092C5DD4310017EB72 /* FirebaseFirestore in Frameworks */,
				8278FE0B2C5DD4310017EB72 /* FirebaseStorage in Frameworks */,
			);
			runOnlyForDeploymentPostprocessing = 0;
		};
		CC0300000000000000000002 /* Frameworks */ = {
			isa = PBXFrameworksBuildPhase;
			buildActionMask = 2147483647;
			files = (
			);
			runOnlyForDeploymentPostprocessing = 0;
		};
/* End PBXFrameworksBuildPhase section */

/* Begin PBXGroup section */
		0115748B2F69DCAB00963138 /* Frameworks */ = {
			isa = PBXGroup;
			children = (
				01A339852FE191EB00207C36 /* Intents.framework */,
			);
			name = Frameworks;
			sourceTree = "<group>";
		};
		01FB27582EC2A7490038E406 /* Services */ = {
			isa = PBXGroup;
			children = (
				01BC6BF6303265DE0018331E /* ReminderToggleService.swift */,
				01BC6BF7303265DE0018331E /* WatchConnectivityManager.swift */,
				01BC6BF8303265DE0018331E /* WatchSyncModels.swift */,
				011574872F69DC3900963138 /* FCMTokenManager.swift */,
				0138D8742F68BB95007CC1E4 /* SubscriptionManager.swift */,
				010405BB2F575A6F0057862B /* OnMyWayNotificationService.swift */,
				010405B92F575A680057862B /* TravelTimeService.swift */,
				AA1234560001AABB00CC0010 /* FriendRequestService.swift */,
				AA1234560001AABB00CC0011 /* FriendsService.swift */,
				AA1234560001AABB00CC0013 /* LocationMonitoringManager.swift */,
				AA1234560001AABB00CC0014 /* LocationSearchManager.swift */,
				AA1234560001AABB00CC0015 /* MessagingService.swift */,
				AA1234560001AABB00CC0016 /* NotificationLogStore.swift */,
				AA1234560001AABB00CC0017 /* NotificationManager.swift */,
				01AA00112F900000AB942911 /* PermissionOnboardingManager.swift */,
				C10000000001AABB00CC0040 /* SharedReminderNotificationService.swift */,
				AA1234560001AABB00CC0001 /* OpenAIService.swift */,
				AA1234560001AABB00CC0503 /* SpeechRecognitionManager.swift */,
				AA1234560001AABB00CC0018 /* StoreLogoProvider.swift */,
				BC0100000001AABB00CC0002 /* BarcodeGenerator.swift */,
				BC0100000001AABB00CC0004 /* RetailBarcode.swift */,
				AA1234560001AABB00CC0019 /* UserSessionManager.swift */,
				D0A1000000000000000000A1 /* AuthenticationManager.swift */,
				CC0100000000000000000004 /* WidgetDataStore.swift */,
			);
			path = Services;
			sourceTree = "<group>";
		};
		8278FDEB2C5DD1C80017EB72 = {
			isa = PBXGroup;
			children = (
				0115748F2F69F0C700963138 /* AllimRelease.entitlements */,
				8278FDF62C5DD1C90017EB72 /* Geolocation_v1.0.0 */,
				CC0400000000000000000001 /* NotifiWidget */,
				0176B3092F3CE658003B9C75 /* Geolocation_v1_0_0Tests */,
				013324362FDCAE0D0074A818 /* NotifiNotificationService */,
				01A339872FE191EB00207C36 /* NearBuyIntents */,
				AA1000000000000000000002 /* AllimWatch Watch App */,
				8278FDF52C5DD1C90017EB72 /* Products */,
				01B408202F3BEBF400EA1F25 /* Geolocation_v1.0.0 */,
				01B408212F3BEC7F00EA1F25 /* Secrets.xcconfig */,
				0115748B2F69DCAB00963138 /* Frameworks */,
			);
			sourceTree = "<group>";
		};
		8278FDF52C5DD1C90017EB72 /* Products */ = {
			isa = PBXGroup;
			children = (
				8278FDF42C5DD1C90017EB72 /* Allim.app */,
				0176B3082F3CE658003B9C75 /* Geolocation_v1_0_0Tests.xctest */,
				CC0100000000000000000005 /* NotifiWidget.appex */,
				013324352FDCAE0D0074A818 /* NotifiNotificationService.appex */,
				01A339842FE191EB00207C36 /* NearBuyIntents.appex */,
			);
			name = Products;
			sourceTree = "<group>";
		};
		8278FDF62C5DD1C90017EB72 /* Geolocation_v1.0.0 */ = {
			isa = PBXGroup;
			children = (
				01A339A42FE1A86E00207C36 /* AppIntentVocabulary.plist */,
				016FC87D2F97EACF005AD716 /* Allim.icon */,
				DF66A9992E24C86100C15DA9 /* Geolocation_v1.0.0.entitlements */,
				018D77DF2ED7C43C00E767D6 /* Info.plist */,
				011CF60C2ED63A69009A31A6 /* NotifiApp.icon */,
				011CF6082ED63945009A31A6 /* Notifi.icon */,
				011CF6042ED638ED009A31A6 /* Theme */,
				01FB27582EC2A7490038E406 /* Services */,
				82D289B12C61D3F3009F357F /* Extensions */,
				8278FE112C5DE5BB0017EB72 /* Support */,
				8278FE102C5DE5A60017EB72 /* Models */,
				8278FE0F2C5DE5A00017EB72 /* ViewModels */,
				8278FE0E2C5DE5930017EB72 /* Views */,
				FF0300000001AABB00CC0001 /* Fonts */,
				8278FDFB2C5DD1CB0017EB72 /* Assets.xcassets */,
				8278FDFD2C5DD1CB0017EB72 /* Preview Content */,
			);
			path = Geolocation_v1.0.0;
			sourceTree = "<group>";
		};
		8278FDFD2C5DD1CB0017EB72 /* Preview Content */ = {
			isa = PBXGroup;
			children = (
				8278FDFE2C5DD1CB0017EB72 /* Preview Assets.xcassets */,
			);
			path = "Preview Content";
			sourceTree = "<group>";
		};
		8278FE0E2C5DE5930017EB72 /* Views */ = {
			isa = PBXGroup;
			children = (
				01BF38AA301C3DE700F49DBC /* BackgroundPickerView.swift */,
				01500AB32F87F22F0038F0D3 /* SubscriptionDebugView.swift */,
				017BD2522F76D39800E5842A /* RecipeView.swift */,
				0183E1FC2F743B0C00AB9429 /* ReportFeedbackView.swift */,
				0183E1FA2F743B0500AB9429 /* AboutView.swift */,
				0183E1F82F743AFE00AB9429 /* AccountSecurityView.swift */,
				010A82CA2F73378000728D59 /* NewGroupView.swift */,
				010A82C82F73377900728D59 /* GroupInfoView.swift */,
				0141FCBF2F718817009C626B /* SubscriptionManagementView.swift */,
				0141FCBD2F71880F009C626B /* PrivacyPolicyView.swift */,
				012FB6942F6AED5C0020BB90 /* TutorialMockData.swift */,
				01D86E962F6AD6630007802A /* TutorialOverlayView.swift */,
				01D86E9A2F6AD6630007802A /* TutorialReminderScene.swift */,
				01D86E942F6AD65B0007802A /* TutorialManager.swift */,
				0188F8582F68568C007953B2 /* BannerAdView.swift */,
				0110775F2F609A1500E76A67 /* StoreFloatView.swift */,
				0119CD0E2F4CF96000DEDEFD /* CachedLogoImage.swift */,
				0119CD0C2F4CF95A00DEDEFD /* AutoDeleteSwipeRail.swift */,
				AA1234560001AABB00CC0003 /* SmartRecipeView.swift */,
				01B408342F3BECF900EA1F25 /* ShareReminderView.swift */,
				BC0100000001AABB00CC0003 /* MembershipBarcodeView.swift */,
				01B408322F3BECF200EA1F25 /* MessagesView.swift */,
				01B408302F3BECEC00EA1F25 /* FriendsView.swift */,
				01B4082E2F3BECE600EA1F25 /* ConversationView.swift */,
				0138242E2EDCD08C0069F38C /* NotificationLogView.swift */,
				011CF5FF2ED638DD009A31A6 /* ShareStoreView.swift */,
				01FEED012F71880F009C626B /* InviteFriends.swift */,
				011CF5FD2ED638D6009A31A6 /* ForgotPasswordView.swift */,
				01D2D8722EC2901F009C371F /* ImagePicker.swift */,
				8278FDF92C5DD1C90017EB72 /* MainView.swift */,
				8278FE122C5F23010017EB72 /* LoginView.swift */,
				82D289A92C61CA71009F357F /* SignupView.swift */,
				748542B22CB5307000C58D9B /* HomeView.swift */,
				82D289B62C61D631009F357F /* ProfileView.swift */,
				01AA00012F900000AB942901 /* ProfileSetupView.swift */,
				01AA00132F900000AB942913 /* PermissionOnboardingView.swift */,
				82D715C52C8D6B230000D1E3 /* MapView.swift */,
				82EC11822C64755300A6CD8C /* LocationDetailsView.swift */,
				7498B0832CC2D49A0003C68F /* StoresView.swift */,
				AA1234560001AABB00CC0507 /* VoiceCommandView.swift */,
				744091EB2DE57AB500ACC67A /* StoreItemView.swift */,
				748542B42CB5378A00C58D9B /* ReminderView.swift */,
				AA1234560001AABB00CC0305 /* HistoryView.swift */,
				AA1234560001AABB00CC0309 /* StoreAnalyticsView.swift */,
				74A79E7E2CBDAB2A00713F0E /* ReminderItemView.swift */,
				74A8AA3D2DEBB84B005855A0 /* AddReminderView.swift */,
				010B28082EB6C2E9004E828B /* AddStoreView.swift */,
				AA1234560001AABB00CC0030 /* SubscriptionPaywallView.swift */,
			);
			path = Views;
			sourceTree = "<group>";
		};
		8278FE0F2C5DE5A00017EB72 /* ViewModels */ = {
			isa = PBXGroup;
			children = (
				017BD2562F76D3BD00E5842A /* RecipeViewModel.swift */,
				AA1234560001AABB00CC0002 /* SmartRecipeViewModel.swift */,
				01B408242F3BECB800EA1F25 /* FriendsViewModel.swift */,
				01B408222F3BECB100EA1F25 /* MessagesViewModel.swift */,
				011CF6062ED638F9009A31A6 /* ForgotPasswordViewModel.swift */,
				01B78C392EBD415F00201B88 /* ReminderViewModel.swift */,
				AA1234560001AABB00CC0505 /* VoiceCommandViewModel.swift */,
				AA1234560001AABB00CC0303 /* ReminderHistoryViewModel.swift */,
				82D289AB2C61CCD4009F357F /* LoginViewModel.swift */,
				82D289AD2C61CEBD009F357F /* SignupViewModel.swift */,
				82D289B42C61D52F009F357F /* MainViewModel.swift */,
				82916C152C914BA800F810A3 /* MapViewModel.swift */,
				742E371A2CBC036F0056F692 /* ProfileViewModel.swift */,
				01AA00032F900000AB942903 /* ProfileSetupViewModel.swift */,
				74A79E822CBDAC7500713F0E /* ReminderItemViewModel.swift */,
				01897B5A2EBA4AB00038A4D1 /* StoresViewModel.swift */,
			);
			path = ViewModels;
			sourceTree = "<group>";
		};
		8278FE102C5DE5A60017EB72 /* Models */ = {
			isa = PBXGroup;
			children = (
				017BD2542F76D3B600E5842A /* Recipe.swift */,
				01EF1E4C2F50A1B500D79D3C /* FavoriteTag.swift */,
				01B4082C2F3BECD600EA1F25 /* StoreCluster.swift */,
				01B4082A2F3BECCF00EA1F25 /* Message.swift */,
				01B408282F3BECC900EA1F25 /* FriendRequest.swift */,
				01B408262F3BECC300EA1F25 /* Friend.swift */,
				0138242C2EDCD05F0069F38C /* NotificationLog.swift */,
				011CF6012ED638E4009A31A6 /* SharedStoreGroup.swift */,
				01B78C372EBD414A00201B88 /* UserStoreItem.swift */,
				BC0100000001AABB00CC0001 /* MembershipCard.swift */,
				82D289AF2C61D30C009F357F /* User.swift */,
				74A79E842CBDACB800713F0E /* Store.swift */,
				74A79E7C2CBDAA4E00713F0E /* Reminder.swift */,
				AA1234560001AABB00CC0501 /* VoiceCommand.swift */,
				AA1234560001AABB00CC0301 /* ReminderHistory.swift */,
				AA1234560001AABB00CC0307 /* StoreAnalytics.swift */,
				DF66A9972E24C86100C15DA9 /* User_Store.swift */,
			);
			path = Models;
			sourceTree = "<group>";
		};
		8278FE112C5DE5BB0017EB72 /* Support */ = {
			isa = PBXGroup;
			children = (
				011574922F69FD9700963138 /* GoogleService-Info.plist */,
				011574892F69DC4D00963138 /* AppDelegate.swift */,
				AA1234560001AABB00CC0509 /* FeatureFlags.swift */,
				8278FDF72C5DD1C90017EB72 /* Geolocation_v1_0_0App.swift */,
			);
			path = Support;
			sourceTree = "<group>";
		};
		82D289B12C61D3F3009F357F /* Extensions */ = {
			isa = PBXGroup;
			children = (
				82D289B22C61D403009F357F /* EncodableExtension.swift */,
			);
			path = Extensions;
			sourceTree = "<group>";
		};
		CC0400000000000000000001 /* NotifiWidget */ = {
			isa = PBXGroup;
			children = (
				CC0100000000000000000006 /* NotifiWidget.entitlements */,
				CC0100000000000000000007 /* Info.plist */,
				CC0100000000000000000001 /* NotifiWidgetBundle.swift */,
				CC0100000000000000000002 /* NotifiWidget.swift */,
				CC0100000000000000000003 /* NotifiWidgetViews.swift */,
			);
			path = NotifiWidget;
			sourceTree = "<group>";
		};
		FF0300000001AABB00CC0001 /* Fonts */ = {
			isa = PBXGroup;
			children = (
				FF0100000001AABB00CC0001 /* SpecialElite-Regular.ttf */,
			);
			path = Fonts;
			sourceTree = "<group>";
		};
/* End PBXGroup section */

/* Begin PBXNativeTarget section */
		013324342FDCAE0D0074A818 /* NotifiNotificationService */ = {
			isa = PBXNativeTarget;
			buildConfigurationList = 013324402FDCAE0D0074A818 /* Build configuration list for PBXNativeTarget "NotifiNotificationService" */;
			buildPhases = (
				013324312FDCAE0D0074A818 /* Sources */,
				013324322FDCAE0D0074A818 /* Frameworks */,
				013324332FDCAE0D0074A818 /* Resources */,
			);
			buildRules = (
			);
			dependencies = (
			);
			fileSystemSynchronizedGroups = (
				013324362FDCAE0D0074A818 /* NotifiNotificationService */,
			);
			name = NotifiNotificationService;
			packageProductDependencies = (
			);
			productName = NotifiNotificationService;
			productReference = 013324352FDCAE0D0074A818 /* NotifiNotificationService.appex */;
			productType = "com.apple.product-type.app-extension";
		};
		0176B3072F3CE658003B9C75 /* Geolocation_v1_0_0Tests */ = {
			isa = PBXNativeTarget;
			buildConfigurationList = 0176B3102F3CE658003B9C75 /* Build configuration list for PBXNativeTarget "Geolocation_v1_0_0Tests" */;
			buildPhases = (
				0176B3042F3CE658003B9C75 /* Sources */,
				0176B3052F3CE658003B9C75 /* Frameworks */,
				0176B3062F3CE658003B9C75 /* Resources */,
			);
			buildRules = (
			);
			dependencies = (
				0176B30D2F3CE658003B9C75 /* PBXTargetDependency */,
			);
			fileSystemSynchronizedGroups = (
				0176B3092F3CE658003B9C75 /* Geolocation_v1_0_0Tests */,
			);
			name = Geolocation_v1_0_0Tests;
			packageProductDependencies = (
			);
			productName = Geolocation_v1_0_0Tests;
			productReference = 0176B3082F3CE658003B9C75 /* Geolocation_v1_0_0Tests.xctest */;
			productType = "com.apple.product-type.bundle.unit-test";
		};
		01A339832FE191EB00207C36 /* NearBuyIntents */ = {
			isa = PBXNativeTarget;
			buildConfigurationList = 01A339912FE191EB00207C36 /* Build configuration list for PBXNativeTarget "NearBuyIntents" */;
			buildPhases = (
				01A339802FE191EB00207C36 /* Sources */,
				01A339812FE191EB00207C36 /* Frameworks */,
				01A339822FE191EB00207C36 /* Resources */,
			);
			buildRules = (
			);
			dependencies = (
			);
			fileSystemSynchronizedGroups = (
				01A339872FE191EB00207C36 /* NearBuyIntents */,
			);
			name = NearBuyIntents;
			packageProductDependencies = (
				01A339972FE19CA300207C36 /* FirebaseCore */,
				01A339992FE19CAA00207C36 /* FirebaseFirestore */,
				01A3399B2FE19CBA00207C36 /* FirebaseAuth */,
			);
			productName = NearBuyIntents;
			productReference = 01A339842FE191EB00207C36 /* NearBuyIntents.appex */;
			productType = "com.apple.product-type.app-extension";
		};
		8278FDF32C5DD1C80017EB72 /* Allim */ = {
			isa = PBXNativeTarget;
			buildConfigurationList = 8278FE022C5DD1CB0017EB72 /* Build configuration list for PBXNativeTarget "Allim" */;
			buildPhases = (
				8278FDF02C5DD1C80017EB72 /* Sources */,
				8278FDF12C5DD1C80017EB72 /* Frameworks */,
				8278FDF22C5DD1C80017EB72 /* Resources */,
				CC0300000000000000000004 /* Embed App Extensions */,
				AA100000000000000000000A /* Embed Watch Content */,
			);
			buildRules = (
			);
			dependencies = (
				CC0800000000000000000002 /* PBXTargetDependency */,
				0133243B2FDCAE0D0074A818 /* PBXTargetDependency */,
				01A3398C2FE191EB00207C36 /* PBXTargetDependency */,
			);
			fileSystemSynchronizedGroups = (
				011CF6042ED638ED009A31A6 /* Theme */,
			);
			name = Allim;
			packageProductDependencies = (
				8278FE062C5DD4310017EB72 /* FirebaseAuth */,
				A1B2C3D400000000000000F1 /* FirebaseFunctions */,
				8278FE082C5DD4310017EB72 /* FirebaseFirestore */,
				8278FE0A2C5DD4310017EB72 /* FirebaseStorage */,
				0125A7A22F68345D0089F321 /* GoogleMobileAds */,
				0115748C2F69DCAB00963138 /* FirebaseMessaging */,
				D0A1000000000000000000F2 /* GoogleSignIn */,
			);
			productName = Geolocation_v1.0.0;
			productReference = 8278FDF42C5DD1C90017EB72 /* Allim.app */;
			productType = "com.apple.product-type.application";
		};
		CC0500000000000000000001 /* NotifiWidget */ = {
			isa = PBXNativeTarget;
			buildConfigurationList = CC0600000000000000000001 /* Build configuration list for PBXNativeTarget "NotifiWidget" */;
			buildPhases = (
				CC0300000000000000000001 /* Sources */,
				CC0300000000000000000002 /* Frameworks */,
				CC0300000000000000000003 /* Resources */,
			);
			buildRules = (
			);
			dependencies = (
			);
			name = NotifiWidget;
			packageProductDependencies = (
			);
			productName = NotifiWidget;
			productReference = CC0100000000000000000005 /* NotifiWidget.appex */;
			productType = "com.apple.product-type.app-extension";
		};
/* End PBXNativeTarget section */

/* Begin PBXProject section */
		8278FDEC2C5DD1C80017EB72 /* Project object */ = {
			isa = PBXProject;
			attributes = {
				BuildIndependentTargetsInParallel = 1;
				LastSwiftUpdateCheck = 2630;
				LastUpgradeCheck = 1540;
				TargetAttributes = {
					013324342FDCAE0D0074A818 = {
						CreatedOnToolsVersion = 26.3;
					};
					0176B3072F3CE658003B9C75 = {
						CreatedOnToolsVersion = 26.2;
						TestTargetID = 8278FDF32C5DD1C80017EB72;
					};
					01A339832FE191EB00207C36 = {
						CreatedOnToolsVersion = 26.3;
					};
					8278FDF32C5DD1C80017EB72 = {
						CreatedOnToolsVersion = 15.4;
					};
					CC0500000000000000000001 = {
						CreatedOnToolsVersion = 15.4;
					};
				};
			};
			buildConfigurationList = 8278FDEF2C5DD1C80017EB72 /* Build configuration list for PBXProject "Geolocation_v1.0.0" */;
			compatibilityVersion = "Xcode 14.0";
			developmentRegion = en;
			hasScannedForEncodings = 0;
			knownRegions = (
				en,
				Base,
			);
			mainGroup = 8278FDEB2C5DD1C80017EB72;
			packageReferences = (
				8278FE052C5DD4310017EB72 /* XCRemoteSwiftPackageReference "firebase-ios-sdk" */,
				0125A7A12F68345D0089F321 /* XCRemoteSwiftPackageReference "swift-package-manager-google-mobile-ads" */,
				D0A1000000000000000000F1 /* XCRemoteSwiftPackageReference "GoogleSignIn-iOS" */,
			);
			productRefGroup = 8278FDF52C5DD1C90017EB72 /* Products */;
			projectDirPath = "";
			projectRoot = "";
			targets = (
				8278FDF32C5DD1C80017EB72 /* Allim */,
				01A339832FE191EB00207C36 /* NearBuyIntents */,
				CC0500000000000000000001 /* NotifiWidget */,
				0176B3072F3CE658003B9C75 /* Geolocation_v1_0_0Tests */,
				013324342FDCAE0D0074A818 /* NotifiNotificationService */,
			);
		};
/* End PBXProject section */

/* Begin PBXResourcesBuildPhase section */
		013324332FDCAE0D0074A818 /* Resources */ = {
			isa = PBXResourcesBuildPhase;
			buildActionMask = 2147483647;
			files = (
			);
			runOnlyForDeploymentPostprocessing = 0;
		};
		0176B3062F3CE658003B9C75 /* Resources */ = {
			isa = PBXResourcesBuildPhase;
			buildActionMask = 2147483647;
			files = (
			);
			runOnlyForDeploymentPostprocessing = 0;
		};
		01A339822FE191EB00207C36 /* Resources */ = {
			isa = PBXResourcesBuildPhase;
			buildActionMask = 2147483647;
			files = (
			);
			runOnlyForDeploymentPostprocessing = 0;
		};
		8278FDF22C5DD1C80017EB72 /* Resources */ = {
			isa = PBXResourcesBuildPhase;
			buildActionMask = 2147483647;
			files = (
				8278FDFF2C5DD1CB0017EB72 /* Preview Assets.xcassets in Resources */,
				8278FDFC2C5DD1CB0017EB72 /* Assets.xcassets in Resources */,
				016FC87E2F97EACF005AD716 /* Allim.icon in Resources */,
				011CF60D2ED63A69009A31A6 /* NotifiApp.icon in Resources */,
				011CF6092ED63945009A31A6 /* Notifi.icon in Resources */,
				FF0200000001AABB00CC0001 /* SpecialElite-Regular.ttf in Resources */,
				01A339A52FE1A86E00207C36 /* AppIntentVocabulary.plist in Resources */,
				011574932F69FD9700963138 /* GoogleService-Info.plist in Resources */,
			);
			runOnlyForDeploymentPostprocessing = 0;
		};
		CC0300000000000000000003 /* Resources */ = {
			isa = PBXResourcesBuildPhase;
			buildActionMask = 2147483647;
			files = (
			);
			runOnlyForDeploymentPostprocessing = 0;
		};
/* End PBXResourcesBuildPhase section */

/* Begin PBXSourcesBuildPhase section */
		013324312FDCAE0D0074A818 /* Sources */ = {
			isa = PBXSourcesBuildPhase;
			buildActionMask = 2147483647;
			files = (
			);
			runOnlyForDeploymentPostprocessing = 0;
		};
		0176B3042F3CE658003B9C75 /* Sources */ = {
			isa = PBXSourcesBuildPhase;
			buildActionMask = 2147483647;
			files = (
			);
			runOnlyForDeploymentPostprocessing = 0;
		};
		01A339802FE191EB00207C36 /* Sources */ = {
			isa = PBXSourcesBuildPhase;
			buildActionMask = 2147483647;
			files = (
			);
			runOnlyForDeploymentPostprocessing = 0;
		};
		8278FDF02C5DD1C80017EB72 /* Sources */ = {
			isa = PBXSourcesBuildPhase;
			buildActionMask = 2147483647;
			files = (
				74A79E852CBDACB800713F0E /* Store.swift in Sources */,
				010A82CB2F73378000728D59 /* NewGroupView.swift in Sources */,
				74A79E7D2CBDAA4E00713F0E /* Reminder.swift in Sources */,
				AA1234560001AABB00CC0302 /* ReminderHistory.swift in Sources */,
				AA1234560001AABB00CC0304 /* ReminderHistoryViewModel.swift in Sources */,
				AA1234560001AABB00CC0306 /* HistoryView.swift in Sources */,
				AA1234560001AABB00CC0308 /* StoreAnalytics.swift in Sources */,
				AA1234560001AABB00CC0310 /* StoreAnalyticsView.swift in Sources */,
				01B408332F3BECF200EA1F25 /* MessagesView.swift in Sources */,
				01BF38AB301C3DE700F49DBC /* BackgroundPickerView.swift in Sources */,
				0188F8592F68568C007953B2 /* BannerAdView.swift in Sources */,
				0138242F2EDCD08C0069F38C /* NotificationLogView.swift in Sources */,
				82D289AE2C61CEBD009F357F /* SignupViewModel.swift in Sources */,
				748542B32CB5307000C58D9B /* HomeView.swift in Sources */,
				82D715C62C8D6B230000D1E3 /* MapView.swift in Sources */,
				74A79E832CBDAC7500713F0E /* ReminderItemViewModel.swift in Sources */,
				0119CD0D2F4CF95A00DEDEFD /* AutoDeleteSwipeRail.swift in Sources */,
				01B4082B2F3BECCF00EA1F25 /* Message.swift in Sources */,
				0119CD0F2F4CF96000DEDEFD /* CachedLogoImage.swift in Sources */,
				011077602F609A1500E76A67 /* StoreFloatView.swift in Sources */,
				011CF6072ED638F9009A31A6 /* ForgotPasswordViewModel.swift in Sources */,
				74A79E7F2CBDAB2A00713F0E /* ReminderItemView.swift in Sources */,
				82D289AA2C61CA71009F357F /* SignupView.swift in Sources */,
				017BD2552F76D3B600E5842A /* Recipe.swift in Sources */,
				011CF5FE2ED638D6009A31A6 /* ForgotPasswordView.swift in Sources */,
				0141FCBE2F71880F009C626B /* PrivacyPolicyView.swift in Sources */,
				01B408292F3BECC900EA1F25 /* FriendRequest.swift in Sources */,
				01897B5B2EBA4AB00038A4D1 /* StoresViewModel.swift in Sources */,
				01B4082D2F3BECD600EA1F25 /* StoreCluster.swift in Sources */,
				010405BA2F575A680057862B /* TravelTimeService.swift in Sources */,
				748542B52CB5378A00C58D9B /* ReminderView.swift in Sources */,
				BC0200000001AABB00CC0001 /* MembershipCard.swift in Sources */,
				BC0200000001AABB00CC0002 /* BarcodeGenerator.swift in Sources */,
				BC0200000001AABB00CC0004 /* RetailBarcode.swift in Sources */,
				BC0200000001AABB00CC0003 /* MembershipBarcodeView.swift in Sources */,
				82D289B72C61D631009F357F /* ProfileView.swift in Sources */,
				01AA00022F900000AB942902 /* ProfileSetupView.swift in Sources */,
				01AA00142F900000AB942914 /* PermissionOnboardingView.swift in Sources */,
				01AA00122F900000AB942912 /* PermissionOnboardingManager.swift in Sources */,
				82916C162C914BA800F810A3 /* MapViewModel.swift in Sources */,
				01EF1E4D2F50A1B500D79D3C /* FavoriteTag.swift in Sources */,
				01D86E972F6AD6630007802A /* TutorialOverlayView.swift in Sources */,
				01D86E9B2F6AD6630007802A /* TutorialReminderScene.swift in Sources */,
				01B408272F3BECC300EA1F25 /* Friend.swift in Sources */,
				82EC11832C64755300A6CD8C /* LocationDetailsView.swift in Sources */,
				8278FE132C5F23010017EB72 /* LoginView.swift in Sources */,
				010B28092EB6C2E9004E828B /* AddStoreView.swift in Sources */,
				744091EC2DE57AB600ACC67A /* StoreItemView.swift in Sources */,
				01B78C3A2EBD415F00201B88 /* ReminderViewModel.swift in Sources */,
				01D86E952F6AD65B0007802A /* TutorialManager.swift in Sources */,
				01D2D8732EC2901F009C371F /* ImagePicker.swift in Sources */,
				8278FDFA2C5DD1C90017EB72 /* MainView.swift in Sources */,
				01500AB42F87F22F0038F0D3 /* SubscriptionDebugView.swift in Sources */,
				01B78C382EBD414A00201B88 /* UserStoreItem.swift in Sources */,
				011CF6002ED638DD009A31A6 /* ShareStoreView.swift in Sources */,
				01FEED022F71880F009C626B /* InviteFriends.swift in Sources */,
				01B408252F3BECB800EA1F25 /* FriendsViewModel.swift in Sources */,
				82D289AC2C61CCD4009F357F /* LoginViewModel.swift in Sources */,
				01B408312F3BECEC00EA1F25 /* FriendsView.swift in Sources */,
				01B408352F3BECF900EA1F25 /* ShareReminderView.swift in Sources */,
				7498B0842CC2D49A0003C68F /* StoresView.swift in Sources */,
				0138242D2EDCD05F0069F38C /* NotificationLog.swift in Sources */,
				0115748A2F69DC4D00963138 /* AppDelegate.swift in Sources */,
				74A8AA3E2DEBB84B005855A0 /* AddReminderView.swift in Sources */,
				010405BC2F575A6F0057862B /* OnMyWayNotificationService.swift in Sources */,
				0141FCC02F718817009C626B /* SubscriptionManagementView.swift in Sources */,
				01B4082F2F3BECE600EA1F25 /* ConversationView.swift in Sources */,
				017BD2572F76D3BD00E5842A /* RecipeViewModel.swift in Sources */,
				01BC6BF9303265DE0018331E /* ReminderToggleService.swift in Sources */,
				01BC6BFA303265DE0018331E /* WatchSyncModels.swift in Sources */,
				01BC6BFB303265DE0018331E /* WatchConnectivityManager.swift in Sources */,
				82D289B32C61D403009F357F /* EncodableExtension.swift in Sources */,
				8278FDF82C5DD1C90017EB72 /* Geolocation_v1_0_0App.swift in Sources */,
				82D289B02C61D30C009F357F /* User.swift in Sources */,
				017BD2532F76D39800E5842A /* RecipeView.swift in Sources */,
				742E371B2CBC036F0056F692 /* ProfileViewModel.swift in Sources */,
				01AA00042F900000AB942904 /* ProfileSetupViewModel.swift in Sources */,
				01B408232F3BECB100EA1F25 /* MessagesViewModel.swift in Sources */,
				010A82C92F73377900728D59 /* GroupInfoView.swift in Sources */,
				011CF6022ED638E4009A31A6 /* SharedStoreGroup.swift in Sources */,
				DF66A9982E24C86100C15DA9 /* User_Store.swift in Sources */,
				011574882F69DC3900963138 /* FCMTokenManager.swift in Sources */,
				82D289B52C61D52F009F357F /* MainViewModel.swift in Sources */,
				AA1234560001AABB00CC0004 /* OpenAIService.swift in Sources */,
				AA1234560001AABB00CC0502 /* VoiceCommand.swift in Sources */,
				AA1234560001AABB00CC0510 /* FeatureFlags.swift in Sources */,
				AA1234560001AABB00CC0504 /* SpeechRecognitionManager.swift in Sources */,
				AA1234560001AABB00CC0506 /* VoiceCommandViewModel.swift in Sources */,
				AA1234560001AABB00CC0508 /* VoiceCommandView.swift in Sources */,
				AA1234560001AABB00CC0005 /* SmartRecipeViewModel.swift in Sources */,
				AA1234560001AABB00CC0006 /* SmartRecipeView.swift in Sources */,
				0183E1FB2F743B0500AB9429 /* AboutView.swift in Sources */,
				0138D8752F68BB95007CC1E4 /* SubscriptionManager.swift in Sources */,
				012FB6952F6AED5C0020BB90 /* TutorialMockData.swift in Sources */,
				AA1234560001AABB00CC0020 /* FriendRequestService.swift in Sources */,
				AA1234560001AABB00CC0021 /* FriendsService.swift in Sources */,
				AA1234560001AABB00CC0023 /* LocationMonitoringManager.swift in Sources */,
				AA1234560001AABB00CC0024 /* LocationSearchManager.swift in Sources */,
				AA1234560001AABB00CC0025 /* MessagingService.swift in Sources */,
				0183E1F92F743AFE00AB9429 /* AccountSecurityView.swift in Sources */,
				AA1234560001AABB00CC0026 /* NotificationLogStore.swift in Sources */,
				AA1234560001AABB00CC0027 /* NotificationManager.swift in Sources */,
				C10000000001AABB00CC0041 /* SharedReminderNotificationService.swift in Sources */,
				0183E1FD2F743B0C00AB9429 /* ReportFeedbackView.swift in Sources */,
				AA1234560001AABB00CC0028 /* StoreLogoProvider.swift in Sources */,
				AA1234560001AABB00CC0029 /* UserSessionManager.swift in Sources */,
				D0A1000000000000000000A2 /* AuthenticationManager.swift in Sources */,
				AA1234560001AABB00CC0031 /* SubscriptionPaywallView.swift in Sources */,
				CC0200000000000000000004 /* WidgetDataStore.swift in Sources */,
			);
			runOnlyForDeploymentPostprocessing = 0;
		};
		CC0300000000000000000001 /* Sources */ = {
			isa = PBXSourcesBuildPhase;
			buildActionMask = 2147483647;
			files = (
				CC0200000000000000000001 /* NotifiWidgetBundle.swift in Sources */,
				CC0200000000000000000002 /* NotifiWidget.swift in Sources */,
				CC0200000000000000000003 /* NotifiWidgetViews.swift in Sources */,
			);
			runOnlyForDeploymentPostprocessing = 0;
		};
/* End PBXSourcesBuildPhase section */

/* Begin PBXTargetDependency section */
		0133243B2FDCAE0D0074A818 /* PBXTargetDependency */ = {
			isa = PBXTargetDependency;
			target = 013324342FDCAE0D0074A818 /* NotifiNotificationService */;
			targetProxy = 0133243A2FDCAE0D0074A818 /* PBXContainerItemProxy */;
		};
		0176B30D2F3CE658003B9C75 /* PBXTargetDependency */ = {
			isa = PBXTargetDependency;
			target = 8278FDF32C5DD1C80017EB72 /* Allim */;
			targetProxy = 0176B30C2F3CE658003B9C75 /* PBXContainerItemProxy */;
		};
		01A3398C2FE191EB00207C36 /* PBXTargetDependency */ = {
			isa = PBXTargetDependency;
			target = 01A339832FE191EB00207C36 /* NearBuyIntents */;
			targetProxy = 01A3398B2FE191EB00207C36 /* PBXContainerItemProxy */;
		};
		CC0800000000000000000002 /* PBXTargetDependency */ = {
			isa = PBXTargetDependency;
			target = CC0500000000000000000001 /* NotifiWidget */;
			targetProxy = CC0800000000000000000001 /* PBXContainerItemProxy */;
		};
/* End PBXTargetDependency section */

/* Begin PBXVariantGroup section */
		01A339A42FE1A86E00207C36 /* AppIntentVocabulary.plist */ = {
			isa = PBXVariantGroup;
			children = (
				01A339A32FE1A86E00207C36 /* en */,
			);
			name = AppIntentVocabulary.plist;
			sourceTree = "<group>";
		};
/* End PBXVariantGroup section */

/* Begin XCBuildConfiguration section */
		0133243D2FDCAE0D0074A818 /* Debug */ = {
			isa = XCBuildConfiguration;
			buildSettings = {
				CODE_SIGN_ENTITLEMENTS = NotifiNotificationService/NotifiNotificationService.entitlements;
				CODE_SIGN_STYLE = Automatic;
				CURRENT_PROJECT_VERSION = 1;
				DEVELOPMENT_TEAM = XT28W79782;
				GENERATE_INFOPLIST_FILE = YES;
				INFOPLIST_FILE = NotifiNotificationService/Info.plist;
				INFOPLIST_KEY_CFBundleDisplayName = NotifiNotificationService;
				INFOPLIST_KEY_NSHumanReadableCopyright = "";
				IPHONEOS_DEPLOYMENT_TARGET = 17.5;
				LD_RUNPATH_SEARCH_PATHS = (
					"$(inherited)",
					"@executable_path/Frameworks",
					"@executable_path/../../Frameworks",
				);
				MARKETING_VERSION = 1.0;
				PRODUCT_BUNDLE_IDENTIFIER = com.kor3a.nearbuy.NotifiNotificationService;
				PRODUCT_NAME = "$(TARGET_NAME)";
				SKIP_INSTALL = YES;
				STRING_CATALOG_GENERATE_SYMBOLS = YES;
				SWIFT_APPROACHABLE_CONCURRENCY = YES;
				SWIFT_EMIT_LOC_STRINGS = YES;
				SWIFT_UPCOMING_FEATURE_MEMBER_IMPORT_VISIBILITY = YES;
				SWIFT_VERSION = 5.0;
				TARGETED_DEVICE_FAMILY = "1,2";
			};
			name = Debug;
		};
		0133243E2FDCAE0D0074A818 /* Release */ = {
			isa = XCBuildConfiguration;
			buildSettings = {
				CODE_SIGN_ENTITLEMENTS = NotifiNotificationService/NotifiNotificationService.entitlements;
				CODE_SIGN_IDENTITY = "Apple Development";
				CODE_SIGN_STYLE = Automatic;
				CURRENT_PROJECT_VERSION = 1;
				DEVELOPMENT_TEAM = XT28W79782;
				GENERATE_INFOPLIST_FILE = YES;
				INFOPLIST_FILE = NotifiNotificationService/Info.plist;
				INFOPLIST_KEY_CFBundleDisplayName = NotifiNotificationService;
				INFOPLIST_KEY_NSHumanReadableCopyright = "";
				IPHONEOS_DEPLOYMENT_TARGET = 17.5;
				LD_RUNPATH_SEARCH_PATHS = (
					"$(inherited)",
					"@executable_path/Frameworks",
					"@executable_path/../../Frameworks",
				);
				MARKETING_VERSION = 1.0;
				PRODUCT_BUNDLE_IDENTIFIER = com.kor3a.nearbuy.NotifiNotificationService;
				PRODUCT_NAME = "$(TARGET_NAME)";
				SKIP_INSTALL = YES;
				STRING_CATALOG_GENERATE_SYMBOLS = YES;
				SWIFT_APPROACHABLE_CONCURRENCY = YES;
				SWIFT_EMIT_LOC_STRINGS = YES;
				SWIFT_UPCOMING_FEATURE_MEMBER_IMPORT_VISIBILITY = YES;
				SWIFT_VERSION = 5.0;
				TARGETED_DEVICE_FAMILY = "1,2";
			};
			name = Release;
		};
		0176B30E2F3CE658003B9C75 /* Debug */ = {
			isa = XCBuildConfiguration;
			buildSettings = {
				BUNDLE_LOADER = "$(TEST_HOST)";
				CODE_SIGN_STYLE = Automatic;
				CURRENT_PROJECT_VERSION = 1;
				DEVELOPMENT_TEAM = XT28W79782;
				GENERATE_INFOPLIST_FILE = YES;
				IPHONEOS_DEPLOYMENT_TARGET = 26.0;
				MARKETING_VERSION = 1.0;
				PRODUCT_BUNDLE_IDENTIFIER = "allim.kor3aDev.Geolocation-v1-0-0Tests";
				PRODUCT_NAME = "$(TARGET_NAME)";
				STRING_CATALOG_GENERATE_SYMBOLS = NO;
				SWIFT_APPROACHABLE_CONCURRENCY = YES;
				SWIFT_EMIT_LOC_STRINGS = NO;
				SWIFT_UPCOMING_FEATURE_MEMBER_IMPORT_VISIBILITY = YES;
				SWIFT_VERSION = 5.0;
				TARGETED_DEVICE_FAMILY = "1,2";
				TEST_HOST = "$(BUILT_PRODUCTS_DIR)/Allim.app/$(BUNDLE_EXECUTABLE_FOLDER_PATH)/Allim";
			};
			name = Debug;
		};
		0176B30F2F3CE658003B9C75 /* Release */ = {
			isa = XCBuildConfiguration;
			buildSettings = {
				BUNDLE_LOADER = "$(TEST_HOST)";
				CODE_SIGN_STYLE = Automatic;
				CURRENT_PROJECT_VERSION = 1;
				DEVELOPMENT_TEAM = XT28W79782;
				GENERATE_INFOPLIST_FILE = YES;
				IPHONEOS_DEPLOYMENT_TARGET = 26.0;
				MARKETING_VERSION = 1.0;
				PRODUCT_BUNDLE_IDENTIFIER = "allim.kor3aDev.Geolocation-v1-0-0Tests";
				PRODUCT_NAME = "$(TARGET_NAME)";
				STRING_CATALOG_GENERATE_SYMBOLS = NO;
				SWIFT_APPROACHABLE_CONCURRENCY = YES;
				SWIFT_EMIT_LOC_STRINGS = NO;
				SWIFT_UPCOMING_FEATURE_MEMBER_IMPORT_VISIBILITY = YES;
				SWIFT_VERSION = 5.0;
				TARGETED_DEVICE_FAMILY = "1,2";
				TEST_HOST = "$(BUILT_PRODUCTS_DIR)/Allim.app/$(BUNDLE_EXECUTABLE_FOLDER_PATH)/Allim";
			};
			name = Release;
		};
		01A3398E2FE191EB00207C36 /* Debug */ = {
			isa = XCBuildConfiguration;
			buildSettings = {
				CODE_SIGN_STYLE = Automatic;
				CURRENT_PROJECT_VERSION = 1;
				DEVELOPMENT_TEAM = XT28W79782;
				GENERATE_INFOPLIST_FILE = YES;
				INFOPLIST_FILE = NearBuyIntents/Info.plist;
				INFOPLIST_KEY_CFBundleDisplayName = NearBuyIntents;
				INFOPLIST_KEY_NSHumanReadableCopyright = "";
				IPHONEOS_DEPLOYMENT_TARGET = 26.2;
				LD_RUNPATH_SEARCH_PATHS = (
					"$(inherited)",
					"@executable_path/Frameworks",
					"@executable_path/../../Frameworks",
				);
				MARKETING_VERSION = 1.0;
				PRODUCT_BUNDLE_IDENTIFIER = com.kor3a.nearbuy.NearBuyIntents;
				PRODUCT_NAME = "$(TARGET_NAME)";
				SKIP_INSTALL = YES;
				STRING_CATALOG_GENERATE_SYMBOLS = YES;
				SWIFT_APPROACHABLE_CONCURRENCY = YES;
				SWIFT_EMIT_LOC_STRINGS = YES;
				SWIFT_UPCOMING_FEATURE_MEMBER_IMPORT_VISIBILITY = YES;
				SWIFT_VERSION = 5.0;
				TARGETED_DEVICE_FAMILY = "1,2";
			};
			name = Debug;
		};
		01A3398F2FE191EB00207C36 /* Release */ = {
			isa = XCBuildConfiguration;
			buildSettings = {
				CODE_SIGN_IDENTITY = "Apple Development";
				CODE_SIGN_STYLE = Automatic;
				CURRENT_PROJECT_VERSION = 1;
				DEVELOPMENT_TEAM = XT28W79782;
				GENERATE_INFOPLIST_FILE = YES;
				INFOPLIST_FILE = NearBuyIntents/Info.plist;
				INFOPLIST_KEY_CFBundleDisplayName = NearBuyIntents;
				INFOPLIST_KEY_NSHumanReadableCopyright = "";
				IPHONEOS_DEPLOYMENT_TARGET = 26.2;
				LD_RUNPATH_SEARCH_PATHS = (
					"$(inherited)",
					"@executable_path/Frameworks",
					"@executable_path/../../Frameworks",
				);
				MARKETING_VERSION = 1.0;
				PRODUCT_BUNDLE_IDENTIFIER = com.kor3a.nearbuy.NearBuyIntents;
				PRODUCT_NAME = "$(TARGET_NAME)";
				SKIP_INSTALL = YES;
				STRING_CATALOG_GENERATE_SYMBOLS = YES;
				SWIFT_APPROACHABLE_CONCURRENCY = YES;
				SWIFT_EMIT_LOC_STRINGS = YES;
				SWIFT_UPCOMING_FEATURE_MEMBER_IMPORT_VISIBILITY = YES;
				SWIFT_VERSION = 5.0;
				TARGETED_DEVICE_FAMILY = "1,2";
			};
			name = Release;
		};
		8278FE002C5DD1CB0017EB72 /* Debug */ = {
			isa = XCBuildConfiguration;
			buildSettings = {
				ALWAYS_SEARCH_USER_PATHS = NO;
				ASSETCATALOG_COMPILER_GENERATE_SWIFT_ASSET_SYMBOL_EXTENSIONS = YES;
				CLANG_ANALYZER_NONNULL = YES;
				CLANG_ANALYZER_NUMBER_OBJECT_CONVERSION = YES_AGGRESSIVE;
				CLANG_CXX_LANGUAGE_STANDARD = "gnu++20";
				CLANG_ENABLE_MODULES = YES;
				CLANG_ENABLE_OBJC_ARC = YES;
				CLANG_ENABLE_OBJC_WEAK = YES;
				CLANG_WARN_BLOCK_CAPTURE_AUTORELEASING = YES;
				CLANG_WARN_BOOL_CONVERSION = YES;
				CLANG_WARN_COMMA = YES;
				CLANG_WARN_CONSTANT_CONVERSION = YES;
				CLANG_WARN_DEPRECATED_OBJC_IMPLEMENTATIONS = YES;
				CLANG_WARN_DIRECT_OBJC_ISA_USAGE = YES_ERROR;
				CLANG_WARN_DOCUMENTATION_COMMENTS = YES;
				CLANG_WARN_EMPTY_BODY = YES;
				CLANG_WARN_ENUM_CONVERSION = YES;
				CLANG_WARN_INFINITE_RECURSION = YES;
				CLANG_WARN_INT_CONVERSION = YES;
				CLANG_WARN_NON_LITERAL_NULL_CONVERSION = YES;
				CLANG_WARN_OBJC_IMPLICIT_RETAIN_SELF = YES;
				CLANG_WARN_OBJC_LITERAL_CONVERSION = YES;
				CLANG_WARN_OBJC_ROOT_CLASS = YES_ERROR;
				CLANG_WARN_QUOTED_INCLUDE_IN_FRAMEWORK_HEADER = YES;
				CLANG_WARN_RANGE_LOOP_ANALYSIS = YES;
				CLANG_WARN_STRICT_PROTOTYPES = YES;
				CLANG_WARN_SUSPICIOUS_MOVE = YES;
				CLANG_WARN_UNGUARDED_AVAILABILITY = YES_AGGRESSIVE;
				CLANG_WARN_UNREACHABLE_CODE = YES;
				CLANG_WARN__DUPLICATE_METHOD_MATCH = YES;
				COPY_PHASE_STRIP = NO;
				DEBUG_INFORMATION_FORMAT = dwarf;
				ENABLE_STRICT_OBJC_MSGSEND = YES;
				ENABLE_TESTABILITY = YES;
				ENABLE_USER_SCRIPT_SANDBOXING = YES;
				GCC_C_LANGUAGE_STANDARD = gnu17;
				GCC_DYNAMIC_NO_PIC = NO;
				GCC_NO_COMMON_BLOCKS = YES;
				GCC_OPTIMIZATION_LEVEL = 0;
				GCC_PREPROCESSOR_DEFINITIONS = (
					"DEBUG=1",
					"$(inherited)",
				);
				GCC_WARN_64_TO_32_BIT_CONVERSION = YES;
				GCC_WARN_ABOUT_RETURN_TYPE = YES_ERROR;
				GCC_WARN_UNDECLARED_SELECTOR = YES;
				GCC_WARN_UNINITIALIZED_AUTOS = YES_AGGRESSIVE;
				GCC_WARN_UNUSED_FUNCTION = YES;
				GCC_WARN_UNUSED_VARIABLE = YES;
				IPHONEOS_DEPLOYMENT_TARGET = 17.5;
				LOCALIZATION_PREFERS_STRING_CATALOGS = YES;
				MTL_ENABLE_DEBUG_INFO = INCLUDE_SOURCE;
				MTL_FAST_MATH = YES;
				ONLY_ACTIVE_ARCH = YES;
				SDKROOT = iphoneos;
				SWIFT_ACTIVE_COMPILATION_CONDITIONS = "DEBUG $(inherited)";
				SWIFT_OPTIMIZATION_LEVEL = "-Onone";
			};
			name = Debug;
		};
		8278FE012C5DD1CB0017EB72 /* Release */ = {
			isa = XCBuildConfiguration;
			buildSettings = {
				ALWAYS_SEARCH_USER_PATHS = NO;
				ASSETCATALOG_COMPILER_GENERATE_SWIFT_ASSET_SYMBOL_EXTENSIONS = YES;
				CLANG_ANALYZER_NONNULL = YES;
				CLANG_ANALYZER_NUMBER_OBJECT_CONVERSION = YES_AGGRESSIVE;
				CLANG_CXX_LANGUAGE_STANDARD = "gnu++20";
				CLANG_ENABLE_MODULES = YES;
				CLANG_ENABLE_OBJC_ARC = YES;
				CLANG_ENABLE_OBJC_WEAK = YES;
				CLANG_WARN_BLOCK_CAPTURE_AUTORELEASING = YES;
				CLANG_WARN_BOOL_CONVERSION = YES;
				CLANG_WARN_COMMA = YES;
				CLANG_WARN_CONSTANT_CONVERSION = YES;
				CLANG_WARN_DEPRECATED_OBJC_IMPLEMENTATIONS = YES;
				CLANG_WARN_DIRECT_OBJC_ISA_USAGE = YES_ERROR;
				CLANG_WARN_DOCUMENTATION_COMMENTS = YES;
				CLANG_WARN_EMPTY_BODY = YES;
				CLANG_WARN_ENUM_CONVERSION = YES;
				CLANG_WARN_INFINITE_RECURSION = YES;
				CLANG_WARN_INT_CONVERSION = YES;
				CLANG_WARN_NON_LITERAL_NULL_CONVERSION = YES;
				CLANG_WARN_OBJC_IMPLICIT_RETAIN_SELF = YES;
				CLANG_WARN_OBJC_LITERAL_CONVERSION = YES;
				CLANG_WARN_OBJC_ROOT_CLASS = YES_ERROR;
				CLANG_WARN_QUOTED_INCLUDE_IN_FRAMEWORK_HEADER = YES;
				CLANG_WARN_RANGE_LOOP_ANALYSIS = YES;
				CLANG_WARN_STRICT_PROTOTYPES = YES;
				CLANG_WARN_SUSPICIOUS_MOVE = YES;
				CLANG_WARN_UNGUARDED_AVAILABILITY = YES_AGGRESSIVE;
				CLANG_WARN_UNREACHABLE_CODE = YES;
				CLANG_WARN__DUPLICATE_METHOD_MATCH = YES;
				COPY_PHASE_STRIP = NO;
				DEBUG_INFORMATION_FORMAT = "dwarf-with-dsym";
				ENABLE_NS_ASSERTIONS = NO;
				ENABLE_STRICT_OBJC_MSGSEND = YES;
				ENABLE_USER_SCRIPT_SANDBOXING = YES;
				GCC_C_LANGUAGE_STANDARD = gnu17;
				GCC_NO_COMMON_BLOCKS = YES;
				GCC_WARN_64_TO_32_BIT_CONVERSION = YES;
				GCC_WARN_ABOUT_RETURN_TYPE = YES_ERROR;
				GCC_WARN_UNDECLARED_SELECTOR = YES;
				GCC_WARN_UNINITIALIZED_AUTOS = YES_AGGRESSIVE;
				GCC_WARN_UNUSED_FUNCTION = YES;
				GCC_WARN_UNUSED_VARIABLE = YES;
				IPHONEOS_DEPLOYMENT_TARGET = 17.5;
				LOCALIZATION_PREFERS_STRING_CATALOGS = YES;
				MTL_ENABLE_DEBUG_INFO = NO;
				MTL_FAST_MATH = YES;
				SDKROOT = iphoneos;
				SWIFT_COMPILATION_MODE = wholemodule;
				VALIDATE_PRODUCT = YES;
			};
			name = Release;
		};
		8278FE032C5DD1CB0017EB72 /* Debug */ = {
			isa = XCBuildConfiguration;
			baseConfigurationReference = 01B408212F3BEC7F00EA1F25 /* Secrets.xcconfig */;
			buildSettings = {
				ASSETCATALOG_COMPILER_APPICON_NAME = NotifiApp;
				ASSETCATALOG_COMPILER_GLOBAL_ACCENT_COLOR_NAME = AccentColor;
				CODE_SIGN_ENTITLEMENTS = AllimRelease.entitlements;
				CODE_SIGN_STYLE = Automatic;
				CURRENT_PROJECT_VERSION = 1;
				DEVELOPMENT_ASSET_PATHS = "\"Geolocation_v1.0.0/Preview Content\"";
				DEVELOPMENT_TEAM = XT28W79782;
				ENABLE_PREVIEWS = YES;
				INFOPLIST_FILE = Geolocation_v1.0.0/Info.plist;
				INFOPLIST_KEY_CFBundleDisplayName = Allim;
				INFOPLIST_KEY_LSApplicationCategoryType = "public.app-category.productivity";
				LD_RUNPATH_SEARCH_PATHS = (
					"$(inherited)",
					"@executable_path/Frameworks",
				);
				MARKETING_VERSION = 1.3.13;
				PRODUCT_BUNDLE_IDENTIFIER = com.kor3a.nearbuy;
				PRODUCT_NAME = "$(TARGET_NAME)";
				SUPPORTED_PLATFORMS = "iphoneos iphonesimulator";
				SUPPORTS_MACCATALYST = NO;
				SWIFT_EMIT_LOC_STRINGS = YES;
				SWIFT_VERSION = 5.0;
				TARGETED_DEVICE_FAMILY = 1;
			};
			name = Debug;
		};
		8278FE042C5DD1CB0017EB72 /* Release */ = {
			isa = XCBuildConfiguration;
			baseConfigurationReference = 01B408212F3BEC7F00EA1F25 /* Secrets.xcconfig */;
			buildSettings = {
				ASSETCATALOG_COMPILER_APPICON_NAME = NotifiApp;
				ASSETCATALOG_COMPILER_GLOBAL_ACCENT_COLOR_NAME = AccentColor;
				CODE_SIGN_ENTITLEMENTS = AllimRelease.entitlements;
				CODE_SIGN_IDENTITY = "Apple Development";
				CODE_SIGN_STYLE = Automatic;
				CURRENT_PROJECT_VERSION = 1;
				DEBUG_INFORMATION_FORMAT = "dwarf-with-dsym";
				DEVELOPMENT_ASSET_PATHS = "\"Geolocation_v1.0.0/Preview Content\"";
				DEVELOPMENT_TEAM = XT28W79782;
				ENABLE_PREVIEWS = YES;
				INFOPLIST_FILE = Geolocation_v1.0.0/Info.plist;
				INFOPLIST_KEY_CFBundleDisplayName = Allim;
				INFOPLIST_KEY_LSApplicationCategoryType = "public.app-category.productivity";
				LD_RUNPATH_SEARCH_PATHS = (
					"$(inherited)",
					"@executable_path/Frameworks",
				);
				MARKETING_VERSION = 1.3.13;
				PRODUCT_BUNDLE_IDENTIFIER = com.kor3a.nearbuy;
				PRODUCT_NAME = "$(TARGET_NAME)";
				PROVISIONING_PROFILE_SPECIFIER = "";
				SUPPORTED_PLATFORMS = "iphoneos iphonesimulator";
				SUPPORTS_MACCATALYST = NO;
				SWIFT_EMIT_LOC_STRINGS = YES;
				SWIFT_VERSION = 5.0;
				TARGETED_DEVICE_FAMILY = 1;
			};
			name = Release;
		};
		CC0700000000000000000001 /* Debug */ = {
			isa = XCBuildConfiguration;
			buildSettings = {
				CODE_SIGN_ENTITLEMENTS = NotifiWidget/NotifiWidget.entitlements;
				CODE_SIGN_STYLE = Automatic;
				CURRENT_PROJECT_VERSION = 1;
				DEVELOPMENT_TEAM = XT28W79782;
				INFOPLIST_FILE = NotifiWidget/Info.plist;
				IPHONEOS_DEPLOYMENT_TARGET = 17.5;
				LD_RUNPATH_SEARCH_PATHS = (
					"$(inherited)",
					"@executable_path/Frameworks",
					"@executable_path/../../Frameworks",
				);
				MARKETING_VERSION = 1.0;
				PRODUCT_BUNDLE_IDENTIFIER = com.kor3a.nearbuy.widget;
				PRODUCT_NAME = "$(TARGET_NAME)";
				SKIP_INSTALL = YES;
				SWIFT_EMIT_LOC_STRINGS = YES;
				SWIFT_VERSION = 5.0;
				TARGETED_DEVICE_FAMILY = "1,2";
			};
			name = Debug;
		};
		CC0700000000000000000002 /* Release */ = {
			isa = XCBuildConfiguration;
			buildSettings = {
				CODE_SIGN_ENTITLEMENTS = NotifiWidget/NotifiWidget.entitlements;
				CODE_SIGN_STYLE = Automatic;
				CURRENT_PROJECT_VERSION = 1;
				DEBUG_INFORMATION_FORMAT = "dwarf-with-dsym";
				DEVELOPMENT_TEAM = XT28W79782;
				INFOPLIST_FILE = NotifiWidget/Info.plist;
				IPHONEOS_DEPLOYMENT_TARGET = 17.5;
				LD_RUNPATH_SEARCH_PATHS = (
					"$(inherited)",
					"@executable_path/Frameworks",
					"@executable_path/../../Frameworks",
				);
				MARKETING_VERSION = 1.0;
				PRODUCT_BUNDLE_IDENTIFIER = com.kor3a.nearbuy.widget;
				PRODUCT_NAME = "$(TARGET_NAME)";
				SKIP_INSTALL = YES;
				SWIFT_EMIT_LOC_STRINGS = YES;
				SWIFT_VERSION = 5.0;
				TARGETED_DEVICE_FAMILY = "1,2";
			};
			name = Release;
		};
/* End XCBuildConfiguration section */

/* Begin XCConfigurationList section */
		013324402FDCAE0D0074A818 /* Build configuration list for PBXNativeTarget "NotifiNotificationService" */ = {
			isa = XCConfigurationList;
			buildConfigurations = (
				0133243D2FDCAE0D0074A818 /* Debug */,
				0133243E2FDCAE0D0074A818 /* Release */,
			);
			defaultConfigurationIsVisible = 0;
			defaultConfigurationName = Release;
		};
		0176B3102F3CE658003B9C75 /* Build configuration list for PBXNativeTarget "Geolocation_v1_0_0Tests" */ = {
			isa = XCConfigurationList;
			buildConfigurations = (
				0176B30E2F3CE658003B9C75 /* Debug */,
				0176B30F2F3CE658003B9C75 /* Release */,
			);
			defaultConfigurationIsVisible = 0;
			defaultConfigurationName = Release;
		};
		01A339912FE191EB00207C36 /* Build configuration list for PBXNativeTarget "NearBuyIntents" */ = {
			isa = XCConfigurationList;
			buildConfigurations = (
				01A3398E2FE191EB00207C36 /* Debug */,
				01A3398F2FE191EB00207C36 /* Release */,
			);
			defaultConfigurationIsVisible = 0;
			defaultConfigurationName = Release;
		};
		8278FDEF2C5DD1C80017EB72 /* Build configuration list for PBXProject "Geolocation_v1.0.0" */ = {
			isa = XCConfigurationList;
			buildConfigurations = (
				8278FE002C5DD1CB0017EB72 /* Debug */,
				8278FE012C5DD1CB0017EB72 /* Release */,
			);
			defaultConfigurationIsVisible = 0;
			defaultConfigurationName = Release;
		};
		8278FE022C5DD1CB0017EB72 /* Build configuration list for PBXNativeTarget "Allim" */ = {
			isa = XCConfigurationList;
			buildConfigurations = (
				8278FE032C5DD1CB0017EB72 /* Debug */,
				8278FE042C5DD1CB0017EB72 /* Release */,
			);
			defaultConfigurationIsVisible = 0;
			defaultConfigurationName = Release;
		};
		CC0600000000000000000001 /* Build configuration list for PBXNativeTarget "NotifiWidget" */ = {
			isa = XCConfigurationList;
			buildConfigurations = (
				CC0700000000000000000001 /* Debug */,
				CC0700000000000000000002 /* Release */,
			);
			defaultConfigurationIsVisible = 0;
			defaultConfigurationName = Release;
		};
/* End XCConfigurationList section */

/* Begin XCRemoteSwiftPackageReference section */
		0125A7A12F68345D0089F321 /* XCRemoteSwiftPackageReference "swift-package-manager-google-mobile-ads" */ = {
			isa = XCRemoteSwiftPackageReference;
			repositoryURL = "https://github.com/googleads/swift-package-manager-google-mobile-ads";
			requirement = {
				kind = upToNextMajorVersion;
				minimumVersion = 13.1.0;
			};
		};
		8278FE052C5DD4310017EB72 /* XCRemoteSwiftPackageReference "firebase-ios-sdk" */ = {
			isa = XCRemoteSwiftPackageReference;
			repositoryURL = "https://github.com/firebase/firebase-ios-sdk";
			requirement = {
				kind = upToNextMajorVersion;
				minimumVersion = 11.0.0;
			};
		};
		D0A1000000000000000000F1 /* XCRemoteSwiftPackageReference "GoogleSignIn-iOS" */ = {
			isa = XCRemoteSwiftPackageReference;
			repositoryURL = "https://github.com/google/GoogleSignIn-iOS";
			requirement = {
				kind = upToNextMajorVersion;
				minimumVersion = 7.1.0;
			};
		};
/* End XCRemoteSwiftPackageReference section */

/* Begin XCSwiftPackageProductDependency section */
		0115748C2F69DCAB00963138 /* FirebaseMessaging */ = {
			isa = XCSwiftPackageProductDependency;
			package = 8278FE052C5DD4310017EB72 /* XCRemoteSwiftPackageReference "firebase-ios-sdk" */;
			productName = FirebaseMessaging;
		};
		0125A7A22F68345D0089F321 /* GoogleMobileAds */ = {
			isa = XCSwiftPackageProductDependency;
			package = 0125A7A12F68345D0089F321 /* XCRemoteSwiftPackageReference "swift-package-manager-google-mobile-ads" */;
			productName = GoogleMobileAds;
		};
		01A339972FE19CA300207C36 /* FirebaseCore */ = {
			isa = XCSwiftPackageProductDependency;
			package = 8278FE052C5DD4310017EB72 /* XCRemoteSwiftPackageReference "firebase-ios-sdk" */;
			productName = FirebaseCore;
		};
		01A339992FE19CAA00207C36 /* FirebaseFirestore */ = {
			isa = XCSwiftPackageProductDependency;
			package = 8278FE052C5DD4310017EB72 /* XCRemoteSwiftPackageReference "firebase-ios-sdk" */;
			productName = FirebaseFirestore;
		};
		01A3399B2FE19CBA00207C36 /* FirebaseAuth */ = {
			isa = XCSwiftPackageProductDependency;
			package = 8278FE052C5DD4310017EB72 /* XCRemoteSwiftPackageReference "firebase-ios-sdk" */;
			productName = FirebaseAuth;
		};
		8278FE062C5DD4310017EB72 /* FirebaseAuth */ = {
			isa = XCSwiftPackageProductDependency;
			package = 8278FE052C5DD4310017EB72 /* XCRemoteSwiftPackageReference "firebase-ios-sdk" */;
			productName = FirebaseAuth;
		};
		8278FE082C5DD4310017EB72 /* FirebaseFirestore */ = {
			isa = XCSwiftPackageProductDependency;
			package = 8278FE052C5DD4310017EB72 /* XCRemoteSwiftPackageReference "firebase-ios-sdk" */;
			productName = FirebaseFirestore;
		};
		8278FE0A2C5DD4310017EB72 /* FirebaseStorage */ = {
			isa = XCSwiftPackageProductDependency;
			package = 8278FE052C5DD4310017EB72 /* XCRemoteSwiftPackageReference "firebase-ios-sdk" */;
			productName = FirebaseStorage;
		};
		A1B2C3D400000000000000F1 /* FirebaseFunctions */ = {
			isa = XCSwiftPackageProductDependency;
			package = 8278FE052C5DD4310017EB72 /* XCRemoteSwiftPackageReference "firebase-ios-sdk" */;
			productName = FirebaseFunctions;
		};
		D0A1000000000000000000F2 /* GoogleSignIn */ = {
			isa = XCSwiftPackageProductDependency;
			package = D0A1000000000000000000F1 /* XCRemoteSwiftPackageReference "GoogleSignIn-iOS" */;
			productName = GoogleSignIn;
		};
/* End XCSwiftPackageProductDependency section */
	};
	rootObject = 8278FDEC2C5DD1C80017EB72 /* Project object */;
}
